
# cargo-vet imports lock

[[publisher.async-broadcast]]
version = "0.7.2"
when = "2024-12-23"
user-id = 6423
user-login = "zeenix"
user-name = "Zeeshan Ali Khan"

[[publisher.async-trait]]
version = "0.1.85"
when = "2025-01-06"
user-id = 3618
user-login = "dtolnay"
user-name = "David Tolnay"

[[publisher.autocfg]]
version = "1.4.0"
when = "2024-09-27"
user-id = 539
user-login = "cuviper"
user-name = "Josh Stone"

[[publisher.endi]]
version = "1.1.0"
when = "2023-12-12"
user-id = 6423
user-login = "zeenix"
user-name = "Zeeshan Ali Khan"

[[publisher.errno]]
version = "0.3.9"
when = "2024-05-08"
user-id = 6825
user-login = "sunfishcode"
user-name = "Dan Gohman"

[[publisher.hashbrown]]
version = "0.14.5"
when = "2024-04-28"
user-id = 2915
user-login = "Amanieu"
user-name = "Amanieu d'Antras"

[[publisher.hashbrown]]
version = "0.15.2"
when = "2024-11-25"
user-id = 2915
user-login = "Amanieu"
user-name = "Amanieu d'Antras"

[[publisher.indexmap]]
version = "2.7.0"
when = "2024-12-01"
user-id = 539
user-login = "cuviper"
user-name = "Josh Stone"

[[publisher.linux-raw-sys]]
version = "0.4.15"
when = "2025-01-08"
user-id = 6825
user-login = "sunfishcode"
user-name = "Dan Gohman"

[[publisher.memchr]]
version = "2.7.4"
when = "2024-06-14"
user-id = 189
user-login = "BurntSushi"
user-name = "Andrew Gallant"

[[publisher.regex-automata]]
version = "0.1.10"
when = "2021-06-01"
user-id = 189
user-login = "BurntSushi"
user-name = "Andrew Gallant"

[[publisher.regex-syntax]]
version = "0.6.29"
when = "2023-03-21"
user-id = 189
user-login = "BurntSushi"
user-name = "Andrew Gallant"

[[publisher.rustix]]
version = "0.38.43"
when = "2025-01-07"
user-id = 6825
user-login = "sunfishcode"
user-name = "Dan Gohman"

[[publisher.ryu]]
version = "1.0.18"
when = "2024-05-07"
user-id = 3618
user-login = "dtolnay"
user-name = "David Tolnay"

[[publisher.serde]]
version = "1.0.217"
when = "2024-12-27"
user-id = 3618
user-login = "dtolnay"
user-name = "David Tolnay"

[[publisher.serde_derive]]
version = "1.0.217"
when = "2024-12-27"
user-id = 3618
user-login = "dtolnay"
user-name = "David Tolnay"

[[publisher.serde_json]]
version = "1.0.136"
when = "2025-01-19"
user-id = 3618
user-login = "dtolnay"
user-name = "David Tolnay"

[[publisher.serde_repr]]
version = "0.1.19"
when = "2024-04-08"
user-id = 3618
user-login = "dtolnay"
user-name = "David Tolnay"

[[publisher.slab]]
version = "0.4.9"
when = "2023-08-22"
user-id = 6741
user-login = "Darksonn"
user-name = "Alice Ryhl"

[[publisher.smallvec]]
version = "1.13.2"
when = "2024-03-20"
user-id = 2017
user-login = "mbrubeck"
user-name = "Matt Brubeck"

[[publisher.syn]]
version = "2.0.96"
when = "2025-01-10"
user-id = 3618
user-login = "dtolnay"
user-name = "David Tolnay"

[[publisher.thiserror]]
version = "1.0.69"
when = "2024-11-10"
user-id = 3618
user-login = "dtolnay"
user-name = "David Tolnay"

[[publisher.thiserror-impl]]
version = "1.0.69"
when = "2024-11-10"
user-id = 3618
user-login = "dtolnay"
user-name = "David Tolnay"

[[publisher.thread_local]]
version = "1.1.8"
when = "2024-02-20"
user-id = 2915
user-login = "Amanieu"
user-name = "Amanieu d'Antras"

[[publisher.tokio]]
version = "1.43.0"
when = "2025-01-08"
user-id = 6741
user-login = "Darksonn"
user-name = "Alice Ryhl"

[[publisher.tokio-macros]]
version = "2.5.0"
when = "2025-01-08"
user-id = 6741
user-login = "Darksonn"
user-name = "Alice Ryhl"

[[publisher.toml_edit]]
version = "0.22.22"
when = "2024-09-24"
user-id = 6743
user-login = "epage"
user-name = "Ed Page"

[[publisher.winnow]]
version = "0.6.24"
when = "2025-01-10"
user-id = 6743
user-login = "epage"
user-name = "Ed Page"

[[publisher.xdg-home]]
version = "1.3.0"
when = "2024-08-09"
user-id = 6423
user-login = "zeenix"
user-name = "Zeeshan Ali Khan"

[[publisher.zbus]]
version = "5.3.0"
when = "2025-01-10"
user-id = 6423
user-login = "zeenix"
user-name = "Zeeshan Ali Khan"

[[publisher.zbus_macros]]
version = "5.3.0"
when = "2025-01-10"
user-id = 6423
user-login = "zeenix"
user-name = "Zeeshan Ali Khan"

[[publisher.zbus_names]]
version = "4.1.1"
when = "2025-01-13"
user-id = 6423
user-login = "zeenix"
user-name = "Zeeshan Ali Khan"

[[publisher.zvariant]]
version = "5.2.0"
when = "2025-01-10"
user-id = 6423
user-login = "zeenix"
user-name = "Zeeshan Ali Khan"

[[publisher.zvariant_derive]]
version = "5.2.0"
when = "2025-01-10"
user-id = 6423
user-login = "zeenix"
user-name = "Zeeshan Ali Khan"

[[publisher.zvariant_utils]]
version = "3.1.0"
when = "2025-01-10"
user-id = 6423
user-login = "zeenix"
user-name = "Zeeshan Ali Khan"

[[audits.bytecode-alliance.audits.errno]]
who = "Dan Gohman <dev@sunfishcode.online>"
criteria = "safe-to-deploy"
delta = "0.3.9 -> 0.3.10"

[[audits.bytecode-alliance.audits.idna]]
who = "Alex Crichton <alex@alexcrichton.com>"
criteria = "safe-to-deploy"
version = "0.3.0"
notes = """
This is a crate without unsafe code or usage of the standard library. The large
size of this crate comes from the large generated unicode tables file. This
crate is broadly used throughout the ecosystem and does not contain anything
suspicious.
"""

[[audits.bytecode-alliance.audits.matchers]]
who = "Pat Hickey <phickey@fastly.com>"
criteria = "safe-to-deploy"
version = "0.1.0"

[[audits.bytecode-alliance.audits.memoffset]]
who = "Alex Crichton <alex@alexcrichton.com>"
criteria = "safe-to-deploy"
delta = "0.7.1 -> 0.8.0"
notes = "This was a small update to the crate which has to do with Rust language features and compiler versions, no substantial changes."

[[audits.bytecode-alliance.audits.memoffset]]
who = "Alex Crichton <alex@alexcrichton.com>"
criteria = "safe-to-deploy"
delta = "0.8.0 -> 0.9.0"
notes = "No major changes in the crate, mostly updates to use new nightly Rust features."

[[audits.bytecode-alliance.audits.nu-ansi-term]]
who = "Pat Hickey <phickey@fastly.com>"
criteria = "safe-to-deploy"
version = "0.46.0"
notes = "one use of unsafe to call windows specific api to get console handle."

[[audits.bytecode-alliance.audits.overload]]
who = "Pat Hickey <phickey@fastly.com>"
criteria = "safe-to-deploy"
version = "0.1.1"
notes = "small crate, only defines macro-rules!, nicely documented as well"

[[audits.bytecode-alliance.audits.percent-encoding]]
who = "Alex Crichton <alex@alexcrichton.com>"
criteria = "safe-to-deploy"
version = "2.2.0"
notes = """
This crate is a single-file crate that does what it says on the tin. There are
a few `unsafe` blocks related to utf-8 validation which are locally verifiable
as correct and otherwise this crate is good to go.
"""

[[audits.bytecode-alliance.audits.pin-project-lite]]
who = "Alex Crichton <alex@alexcrichton.com>"
criteria = "safe-to-deploy"
delta = "0.2.13 -> 0.2.14"
notes = "No substantive changes in this update"

[[audits.bytecode-alliance.audits.pkg-config]]
who = "Alex Crichton <alex@alexcrichton.com>"
criteria = "safe-to-deploy"
delta = "0.3.26 -> 0.3.29"
notes = """
No `unsafe` additions or anything outside of the purview of the crate in this
change.
"""

[[audits.bytecode-alliance.audits.shlex]]
who = "Alex Crichton <alex@alexcrichton.com>"
criteria = "safe-to-deploy"
version = "1.1.0"
notes = "Only minor `unsafe` code blocks which look valid and otherwise does what it says on the tin."

[[audits.bytecode-alliance.audits.signal-hook-registry]]
who = "Pat Hickey <phickey@fastly.com>"
criteria = "safe-to-deploy"
version = "1.4.1"

[[audits.bytecode-alliance.audits.socket2]]
who = "Alex Crichton <alex@alexcrichton.com>"
criteria = "safe-to-deploy"
delta = "0.4.9 -> 0.4.4"

[[audits.bytecode-alliance.audits.static_assertions]]
who = "Andrew Brown <andrew.brown@intel.com>"
criteria = "safe-to-deploy"
version = "1.1.0"
notes = "No dependencies and completely a compile-time crate as advertised. Uses `unsafe` in one module as a compile-time check only: `mem::transmute` and `ptr::write` are wrapped in an impossible-to-run closure."

[[audits.bytecode-alliance.audits.vcpkg]]
who = "Pat Hickey <phickey@fastly.com>"
criteria = "safe-to-deploy"
version = "0.2.15"
notes = "no build.rs, no macros, no unsafe. It reads the filesystem and makes copies of DLLs into OUT_DIR."

[[audits.embark-studios.audits.cfg_aliases]]
who = "Johan Andersson <opensource@embark-studios.com>"
criteria = "safe-to-deploy"
version = "0.1.1"
notes = "No unsafe usage or ambient capabilities"

[[audits.gnome-releng.audits.cfg_aliases]]
who = "Sophie Herold <sophie@hemio.de>"
criteria = "safe-to-deploy"
delta = "0.1.1 -> 0.2.1"
aggregated-from = "https://gitlab.gnome.org/GNOME/loupe/-/raw/main/supply-chain/audits.toml"

[[audits.gnome-releng.audits.signal-hook-registry]]
who = "Sophie Herold <sophie@hemio.de>"
criteria = "safe-to-deploy"
delta = "1.4.1 -> 1.4.2"
aggregated-from = "https://gitlab.gnome.org/sophie-h/glycin/-/raw/main/supply-chain/audits.toml"

[[audits.gnome-releng.audits.version_check]]
who = "Sophie Herold <sophie@hemio.de>"
criteria = "safe-to-deploy"
delta = "0.9.4 -> 0.9.5"
aggregated-from = "https://gitlab.gnome.org/GNOME/loupe/-/raw/main/supply-chain/audits.toml"

[[audits.google.audits.ahash]]
who = "Nicholas Bishop <nicholasbishop@google.com>"
criteria = "safe-to-run"
version = "0.8.3"
notes = """
Note on does-not-implement-crypto: the aHash documentation explicitly
states it is not a cryptographically secure hash.
"""
aggregated-from = "https://chromium.googlesource.com/chromiumos/third_party/rust_crates/+/refs/heads/main/cargo-vet/audits.toml?format=TEXT"

[[audits.google.audits.ahash]]
who = "Nicholas Bishop <nicholasbishop@google.com>"
criteria = "safe-to-run"
delta = "0.8.3 -> 0.8.5"
aggregated-from = "https://chromium.googlesource.com/chromiumos/third_party/rust_crates/+/refs/heads/main/cargo-vet/audits.toml?format=TEXT"

[[audits.google.audits.ahash]]
who = "Nicholas Bishop <nicholasbishop@google.com>"
criteria = "safe-to-run"
delta = "0.8.5 -> 0.8.11"
aggregated-from = "https://chromium.googlesource.com/chromiumos/third_party/rust_crates/+/refs/heads/main/cargo-vet/audits.toml?format=TEXT"

[[audits.google.audits.aho-corasick]]
who = "Ying Hsu <yinghsu@chromium.org>"
criteria = "safe-to-run"
version = "1.1.3"
aggregated-from = "https://chromium.googlesource.com/chromiumos/third_party/rust_crates/+/refs/heads/main/cargo-vet/audits.toml?format=TEXT"

[[audits.google.audits.bytes]]
who = "George Burgess IV <gbiv@google.com>"
criteria = "safe-to-run"
version = "1.4.0"
aggregated-from = "https://chromium.googlesource.com/chromiumos/third_party/rust_crates/+/refs/heads/main/cargo-vet/audits.toml?format=TEXT"

[[audits.google.audits.bytes]]
who = "agl@chromium.org"
criteria = "safe-to-run"
delta = "1.4.0 -> 1.5.0"
aggregated-from = "https://chromium.googlesource.com/chromium/src/+/main/third_party/rust/chromium_crates_io/supply-chain/audits.toml?format=TEXT"

[[audits.google.audits.bytes]]
who = "Dustin J. Mitchell <djmitche@chromium.org>"
criteria = "safe-to-run"
delta = "1.5.0 -> 1.6.0"
notes = "Update removes some unsafe, and includes verifiable safety comments for newly-added unsafe."
aggregated-from = "https://chromium.googlesource.com/chromium/src/+/main/third_party/rust/chromium_crates_io/supply-chain/audits.toml?format=TEXT"

[[audits.google.audits.bytes]]
who = "Dustin J. Mitchell <djmitche@chromium.org>"
criteria = "safe-to-run"
delta = "1.6.0 -> 1.6.1"
notes = "Very minor update, no unsafe changes"
aggregated-from = "https://chromium.googlesource.com/chromium/src/+/main/third_party/rust/chromium_crates_io/supply-chain/audits.toml?format=TEXT"

[[audits.google.audits.bytes]]
who = "Lukasz Anforowicz <lukasza@chromium.org>"
criteria = "safe-to-run"
delta = "1.6.1 -> 1.7.1"
notes = "Many changes but they seem to meet the low bar of safe-to-run."
aggregated-from = "https://chromium.googlesource.com/chromium/src/+/main/third_party/rust/chromium_crates_io/supply-chain/audits.toml?format=TEXT"

[[audits.google.audits.bytes]]
who = "Lukasz Anforowicz <lukasza@chromium.org>"
criteria = "safe-to-run"
delta = "1.7.1 -> 1.7.2"
aggregated-from = "https://chromium.googlesource.com/chromium/src/+/main/third_party/rust/chromium_crates_io/supply-chain/audits.toml?format=TEXT"

[[audits.google.audits.bytes]]
who = "Liza Burakova <liza@chromium.org>"
criteria = "safe-to-run"
delta = "1.7.2 -> 1.8.0"
notes = "smol change, does not add unsafe code, majority of change is new tests"
aggregated-from = "https://chromium.googlesource.com/chromium/src/+/main/third_party/rust/chromium_crates_io/supply-chain/audits.toml?format=TEXT"

[[audits.google.audits.bytes]]
who = "Dustin J. Mitchell <djmitche@chromium.org>"
criteria = "safe-to-run"
delta = "1.8.0 -> 1.9.0"
notes = "Reviewed in https://crrev.com/c/6072366."
aggregated-from = "https://chromium.googlesource.com/chromium/src/+/main/third_party/rust/chromium_crates_io/supply-chain/audits.toml?format=TEXT"

[[audits.google.audits.cfg-if]]
who = "George Burgess IV <gbiv@google.com>"
criteria = "safe-to-deploy"
version = "1.0.0"
aggregated-from = "https://chromium.googlesource.com/chromiumos/third_party/rust_crates/+/refs/heads/main/cargo-vet/audits.toml?format=TEXT"

[[audits.google.audits.crossbeam-utils]]
who = "George Burgess IV <gbiv@google.com>"
criteria = "safe-to-run"
version = "0.8.15"
aggregated-from = "https://chromium.googlesource.com/chromiumos/third_party/rust_crates/+/refs/heads/main/cargo-vet/audits.toml?format=TEXT"

[[audits.google.audits.displaydoc]]
who = "George Burgess IV <gbiv@google.com>"
criteria = "safe-to-run"
version = "0.2.5"
aggregated-from = "https://chromium.googlesource.com/chromiumos/third_party/rust_crates/+/refs/heads/main/cargo-vet/audits.toml?format=TEXT"

[[audits.google.audits.equivalent]]
who = "George Burgess IV <gbiv@google.com>"
criteria = "safe-to-deploy"
version = "1.0.1"
aggregated-from = "https://chromium.googlesource.com/chromiumos/third_party/rust_crates/+/refs/heads/main/cargo-vet/audits.toml?format=TEXT"

[[audits.google.audits.fallible-iterator]]
who = "Hidenori Kobayashi <hidenorik@chromium.org>"
criteria = "safe-to-run"
version = "0.3.0"
aggregated-from = "https://chromium.googlesource.com/chromiumos/third_party/rust_crates/+/refs/heads/main/cargo-vet/audits.toml?format=TEXT"

[[audits.google.audits.form_urlencoded]]
who = "George Burgess IV <gbiv@google.com>"
criteria = "safe-to-run"
delta = "1.2.0 -> 1.2.1"
aggregated-from = "https://chromium.googlesource.com/chromiumos/third_party/rust_crates/+/refs/heads/main/cargo-vet/audits.toml?format=TEXT"

[[audits.google.audits.futures-core]]
who = "George Burgess IV <gbiv@google.com>"
criteria = "safe-to-run"
version = "0.3.28"
aggregated-from = "https://chromium.googlesource.com/chromiumos/third_party/rust_crates/+/refs/heads/main/cargo-vet/audits.toml?format=TEXT"

[[audits.google.audits.futures-core]]
who = "George Burgess IV <gbiv@google.com>"
criteria = "safe-to-run"
delta = "0.3.28 -> 0.3.31"
aggregated-from = "https://chromium.googlesource.com/chromiumos/third_party/rust_crates/+/refs/heads/main/cargo-vet/audits.toml?format=TEXT"

[[audits.google.audits.futures-io]]
who = "George Burgess IV <gbiv@google.com>"
criteria = "safe-to-run"
version = "0.3.28"
aggregated-from = "https://chromium.googlesource.com/chromiumos/third_party/rust_crates/+/refs/heads/main/cargo-vet/audits.toml?format=TEXT"

[[audits.google.audits.futures-io]]
who = "George Burgess IV <gbiv@google.com>"
criteria = "safe-to-run"
delta = "0.3.28 -> 0.3.31"
aggregated-from = "https://chromium.googlesource.com/chromiumos/third_party/rust_crates/+/refs/heads/main/cargo-vet/audits.toml?format=TEXT"

[[audits.google.audits.futures-macro]]
who = "George Burgess IV <gbiv@google.com>"
criteria = "safe-to-run"
version = "0.3.28"
aggregated-from = "https://chromium.googlesource.com/chromiumos/third_party/rust_crates/+/refs/heads/main/cargo-vet/audits.toml?format=TEXT"

[[audits.google.audits.futures-macro]]
who = "George Burgess IV <gbiv@google.com>"
criteria = "safe-to-run"
delta = "0.3.28 -> 0.3.31"
aggregated-from = "https://chromium.googlesource.com/chromiumos/third_party/rust_crates/+/refs/heads/main/cargo-vet/audits.toml?format=TEXT"

[[audits.google.audits.futures-task]]
who = "George Burgess IV <gbiv@google.com>"
criteria = "safe-to-run"
version = "0.3.28"
aggregated-from = "https://chromium.googlesource.com/chromiumos/third_party/rust_crates/+/refs/heads/main/cargo-vet/audits.toml?format=TEXT"

[[audits.google.audits.futures-task]]
who = "George Burgess IV <gbiv@google.com>"
criteria = "safe-to-run"
delta = "0.3.28 -> 0.3.31"
aggregated-from = "https://chromium.googlesource.com/chromiumos/third_party/rust_crates/+/refs/heads/main/cargo-vet/audits.toml?format=TEXT"

[[audits.google.audits.futures-util]]
who = "George Burgess IV <gbiv@google.com>"
criteria = "safe-to-run"
version = "0.3.28"
notes = """
There's a custom xorshift-based `random::shuffle` implementation in
src/async_await/random.rs. This is `doc(hidden)` and seems to exist just so
that `futures-macro::select` can be unbiased. Sicne xorshift is explicitly not
intended to be a cryptographically secure algorithm, it is not considered
crypto.
"""
aggregated-from = "https://chromium.googlesource.com/chromiumos/third_party/rust_crates/+/refs/heads/main/cargo-vet/audits.toml?format=TEXT"

[[audits.google.audits.futures-util]]
who = "George Burgess IV <gbiv@google.com>"
criteria = "safe-to-run"
delta = "0.3.28 -> 0.3.31"
aggregated-from = "https://chromium.googlesource.com/chromiumos/third_party/rust_crates/+/refs/heads/main/cargo-vet/audits.toml?format=TEXT"

[[audits.google.audits.hex]]
who = "ChromeOS"
criteria = "safe-to-run"
version = "0.4.3"
aggregated-from = "https://chromium.googlesource.com/chromiumos/third_party/rust_crates/+/refs/heads/main/cargo-vet/audits.toml?format=TEXT"

[[audits.google.audits.icu_locid_transform]]
who = "George Burgess IV <gbiv@google.com>"
criteria = "safe-to-run"
version = "1.5.0"
aggregated-from = "https://chromium.googlesource.com/chromiumos/third_party/rust_crates/+/refs/heads/main/cargo-vet/audits.toml?format=TEXT"

[[audits.google.audits.icu_locid_transform_data]]
who = "George Burgess IV <gbiv@google.com>"
criteria = "safe-to-run"
version = "1.5.0"
aggregated-from = "https://chromium.googlesource.com/chromiumos/third_party/rust_crates/+/refs/heads/main/cargo-vet/audits.toml?format=TEXT"

[[audits.google.audits.icu_normalizer_data]]
who = "George Burgess IV <gbiv@google.com>"
criteria = "safe-to-run"
version = "1.5.0"
aggregated-from = "https://chromium.googlesource.com/chromiumos/third_party/rust_crates/+/refs/heads/main/cargo-vet/audits.toml?format=TEXT"

[[audits.google.audits.icu_provider]]
who = "George Burgess IV <gbiv@google.com>"
criteria = "safe-to-run"
version = "1.5.0"
notes = """
This crate contains a custom impl of FxHash. The maintainers needed a custom
hashing function that was `const` and self-contained. Since FxHash isn't built
to be crypto secure, this does-not-implement-crypto.
"""
aggregated-from = "https://chromium.googlesource.com/chromiumos/third_party/rust_crates/+/refs/heads/main/cargo-vet/audits.toml?format=TEXT"

[[audits.google.audits.icu_provider_macros]]
who = "George Burgess IV <gbiv@google.com>"
criteria = "safe-to-run"
version = "1.5.0"
aggregated-from = "https://chromium.googlesource.com/chromiumos/third_party/rust_crates/+/refs/heads/main/cargo-vet/audits.toml?format=TEXT"

[[audits.google.audits.idna]]
who = "George Burgess IV <gbiv@google.com>"
criteria = "safe-to-run"
delta = "0.3.0 -> 1.0.3"
aggregated-from = "https://chromium.googlesource.com/chromiumos/third_party/rust_crates/+/refs/heads/main/cargo-vet/audits.toml?format=TEXT"

[[audits.google.audits.idna_adapter]]
who = "George Burgess IV <gbiv@google.com>"
criteria = "safe-to-run"
version = "1.2.0"
aggregated-from = "https://chromium.googlesource.com/chromiumos/third_party/rust_crates/+/refs/heads/main/cargo-vet/audits.toml?format=TEXT"

[[audits.google.audits.itoa]]
who = "Lukasz Anforowicz <lukasza@chromium.org>"
criteria = "safe-to-deploy"
version = "1.0.10"
notes = '''
I grepped for \"crypt\", \"cipher\", \"fs\", \"net\" - there were no hits.

There are a few places where `unsafe` is used.  Unsafe review notes can be found
in https://crrev.com/c/5350697.

Version 1.0.1 of this crate has been added to Chromium in
https://crrev.com/c/3321896.
'''
aggregated-from = "https://chromium.googlesource.com/chromium/src/+/main/third_party/rust/chromium_crates_io/supply-chain/audits.toml?format=TEXT"

[[audits.google.audits.itoa]]
who = "Lukasz Anforowicz <lukasza@chromium.org>"
criteria = "safe-to-deploy"
delta = "1.0.10 -> 1.0.11"
notes = """
Straightforward diff between 1.0.10 and 1.0.11 - only 3 commits:

* Bumping up the version
* A touch up of comments
* And my own PR to make `unsafe` blocks more granular:
  https://github.com/dtolnay/itoa/pull/42
"""
aggregated-from = "https://chromium.googlesource.com/chromium/src/+/main/third_party/rust/chromium_crates_io/supply-chain/audits.toml?format=TEXT"

[[audits.google.audits.itoa]]
who = "Liza Burakova <liza@chromium.org>"
criteria = "safe-to-deploy"
delta = "1.0.11 -> 1.0.14"
notes = """
Unsafe review at https://crrev.com/c/6051067
"""
aggregated-from = "https://chromium.googlesource.com/chromium/src/+/main/third_party/rust/chromium_crates_io/supply-chain/audits.toml?format=TEXT"

[[audits.google.audits.lazy_static]]
who = "Android Legacy"
criteria = "safe-to-run"
version = "1.4.0"
aggregated-from = "https://chromium.googlesource.com/chromiumos/third_party/rust_crates/+/refs/heads/main/cargo-vet/audits.toml?format=TEXT"

[[audits.google.audits.lazy_static]]
who = "Lukasz Anforowicz <lukasza@chromium.org>"
criteria = "safe-to-deploy"
delta = "1.4.0 -> 1.5.0"
notes = "Unsafe review notes: https://crrev.com/c/5650836"
aggregated-from = "https://chromium.googlesource.com/chromium/src/+/main/third_party/rust/chromium_crates_io/supply-chain/audits.toml?format=TEXT"

[[audits.google.audits.litemap]]
who = "George Burgess IV <gbiv@google.com>"
criteria = "safe-to-run"
version = "0.7.4"
aggregated-from = "https://chromium.googlesource.com/chromiumos/third_party/rust_crates/+/refs/heads/main/cargo-vet/audits.toml?format=TEXT"

[[audits.google.audits.log]]
who = "danakj <danakj@chromium.org>"
criteria = "safe-to-deploy"
version = "0.4.22"
notes = """
Unsafe review in https://docs.google.com/document/d/1IXQbD1GhTRqNHIGxq6yy7qHqxeO4CwN5noMFXnqyDIM/edit?usp=sharing

Unsafety is generally very well-documented, with one exception, which we
describe in the review doc.
"""
aggregated-from = "https://chromium.googlesource.com/chromium/src/+/main/third_party/rust/chromium_crates_io/supply-chain/audits.toml?format=TEXT"

[[audits.google.audits.memoffset]]
who = "George Burgess IV <gbiv@google.com>"
criteria = "safe-to-run"
version = "0.6.5"
aggregated-from = "https://chromium.googlesource.com/chromiumos/third_party/rust_crates/+/refs/heads/main/cargo-vet/audits.toml?format=TEXT"

[[audits.google.audits.memoffset]]
who = "Dennis Kempin <denniskempin@google.com>"
criteria = "safe-to-run"
delta = "0.6.5 -> 0.7.1"
aggregated-from = "https://chromium.googlesource.com/chromiumos/third_party/rust_crates/+/refs/heads/main/cargo-vet/audits.toml?format=TEXT"

[[audits.google.audits.nix]]
who = "David Koloski <dkoloski@google.com>"
criteria = "safe-to-run"
version = "0.26.2"
notes = """
Reviewed on https://fxrev.dev/780283
Issues:
- https://github.com/nix-rust/nix/issues/1975
- https://github.com/nix-rust/nix/issues/1977
- https://github.com/nix-rust/nix/pull/1978
- https://github.com/nix-rust/nix/pull/1979
- https://github.com/nix-rust/nix/issues/1980
- https://github.com/nix-rust/nix/issues/1981
- https://github.com/nix-rust/nix/pull/1983
- https://github.com/nix-rust/nix/issues/1990
- https://github.com/nix-rust/nix/pull/1992
- https://github.com/nix-rust/nix/pull/1993
"""
aggregated-from = "https://fuchsia.googlesource.com/fuchsia/+/refs/heads/main/third_party/rust_crates/supply-chain/audits.toml?format=TEXT"

[[audits.google.audits.nix]]
who = "George Burgess IV <gbiv@google.com>"
criteria = "safe-to-run"
delta = "0.26.2 -> 0.27.1"
aggregated-from = "https://chromium.googlesource.com/chromiumos/third_party/rust_crates/+/refs/heads/main/cargo-vet/audits.toml?format=TEXT"

[[audits.google.audits.nix]]
who = "Daniel Verkamp <dverkamp@chromium.org>"
criteria = "safe-to-run"
delta = "0.27.1 -> 0.28.0"
aggregated-from = "https://chromium.googlesource.com/chromiumos/third_party/rust_crates/+/refs/heads/main/cargo-vet/audits.toml?format=TEXT"

[[audits.google.audits.percent-encoding]]
who = "George Burgess IV <gbiv@google.com>"
criteria = "safe-to-run"
delta = "2.2.0 -> 2.3.0"
aggregated-from = "https://chromium.googlesource.com/chromiumos/third_party/rust_crates/+/refs/heads/main/cargo-vet/audits.toml?format=TEXT"

[[audits.google.audits.percent-encoding]]
who = "George Burgess IV <gbiv@google.com>"
criteria = "safe-to-run"
delta = "2.3.0 -> 2.3.1"
aggregated-from = "https://chromium.googlesource.com/chromiumos/third_party/rust_crates/+/refs/heads/main/cargo-vet/audits.toml?format=TEXT"

[[audits.google.audits.pin-project-lite]]
who = "ChromeOS"
criteria = "safe-to-run"
version = "0.2.9"
aggregated-from = "https://chromium.googlesource.com/chromiumos/third_party/rust_crates/+/refs/heads/main/cargo-vet/audits.toml?format=TEXT"

[[audits.google.audits.pin-project-lite]]
who = "David Koloski <dkoloski@google.com>"
criteria = "safe-to-deploy"
delta = "0.2.9 -> 0.2.13"
notes = "Audited at https://fxrev.dev/946396"
aggregated-from = "https://fuchsia.googlesource.com/fuchsia/+/refs/heads/main/third_party/rust_crates/supply-chain/audits.toml?format=TEXT"

[[audits.google.audits.pin-utils]]
who = "Android Legacy"
criteria = "safe-to-run"
version = "0.1.0"
aggregated-from = "https://chromium.googlesource.com/chromiumos/third_party/rust_crates/+/refs/heads/main/cargo-vet/audits.toml?format=TEXT"

[[audits.google.audits.pkg-config]]
who = "Alexandre Courbot <acourbot@chromium.org>"
criteria = "safe-to-run"
version = "0.3.26"
aggregated-from = "https://chromium.googlesource.com/chromiumos/third_party/rust_crates/+/refs/heads/main/cargo-vet/audits.toml?format=TEXT"

[[audits.google.audits.proc-macro2]]
who = "Ying Hsu <yinghsu@chromium.org>"
criteria = "safe-to-run"
version = "1.0.79"
aggregated-from = "https://chromium.googlesource.com/chromiumos/third_party/rust_crates/+/refs/heads/main/cargo-vet/audits.toml?format=TEXT"

[[audits.google.audits.proc-macro2]]
who = "Hung-Hsien Chen <hunghsienchen@chromium.org>"
criteria = "safe-to-run"
delta = "1.0.79 -> 1.0.86"
aggregated-from = "https://chromium.googlesource.com/chromiumos/third_party/rust_crates/+/refs/heads/main/cargo-vet/audits.toml?format=TEXT"

[[audits.google.audits.proc-macro2]]
who = "danakj <danakj@chromium.org>"
criteria = "safe-to-deploy"
delta = "1.0.86 -> 1.0.87"
notes = "No new unsafe interactions."
aggregated-from = "https://chromium.googlesource.com/chromium/src/+/main/third_party/rust/chromium_crates_io/supply-chain/audits.toml?format=TEXT"

[[audits.google.audits.proc-macro2]]
who = "Liza Burakova <liza@chromium.org"
criteria = "safe-to-deploy"
delta = "1.0.87 -> 1.0.89"
notes = """
Biggest change is adding error handling in build.rs.
Some config related changes in wrapper.rs.
"""
aggregated-from = "https://chromium.googlesource.com/chromium/src/+/main/third_party/rust/chromium_crates_io/supply-chain/audits.toml?format=TEXT"

[[audits.google.audits.quote]]
who = "Ying Hsu <yinghsu@chromium.org>"
criteria = "safe-to-run"
version = "1.0.36"
aggregated-from = "https://chromium.googlesource.com/chromiumos/third_party/rust_crates/+/refs/heads/main/cargo-vet/audits.toml?format=TEXT"

[[audits.google.audits.quote]]
who = "Lukasz Anforowicz <lukasza@chromium.org>"
criteria = "safe-to-deploy"
delta = "1.0.36 -> 1.0.37"
notes = """
The delta just 1) inlines/expands `impl ToTokens` that used to be handled via
`primitive!` macro and 2) adds `impl ToTokens` for `CStr` and `CString`.
"""
aggregated-from = "https://chromium.googlesource.com/chromium/src/+/main/third_party/rust/chromium_crates_io/supply-chain/audits.toml?format=TEXT"

[[audits.google.audits.regex]]
who = "Justin Green <greenjustin@google.com>"
criteria = "safe-to-run"
version = "1.11.1"
aggregated-from = "https://chromium.googlesource.com/chromiumos/third_party/rust_crates/+/refs/heads/main/cargo-vet/audits.toml?format=TEXT"

[[audits.google.audits.regex-automata]]
who = "Justin Green <greenjustin@google.com>"
criteria = "safe-to-run"
version = "0.4.9"
aggregated-from = "https://chromium.googlesource.com/chromiumos/third_party/rust_crates/+/refs/heads/main/cargo-vet/audits.toml?format=TEXT"

[[audits.google.audits.regex-syntax]]
who = "Justin Green <greenjustin@google.com>"
criteria = "safe-to-run"
version = "0.8.5"
aggregated-from = "https://chromium.googlesource.com/chromiumos/third_party/rust_crates/+/refs/heads/main/cargo-vet/audits.toml?format=TEXT"

[[audits.google.audits.shlex]]
who = "Daniel Verkamp <dverkamp@chromium.org>"
criteria = "safe-to-run"
delta = "1.1.0 -> 1.3.0"
aggregated-from = "https://chromium.googlesource.com/chromiumos/third_party/rust_crates/+/refs/heads/main/cargo-vet/audits.toml?format=TEXT"

[[audits.google.audits.socket2]]
who = "Vovo Yang <vovoy@google.com>"
criteria = "safe-to-run"
version = "0.4.9"
aggregated-from = "https://chromium.googlesource.com/chromiumos/third_party/rust_crates/+/refs/heads/main/cargo-vet/audits.toml?format=TEXT"

[[audits.google.audits.socket2]]
who = "David Koloski <dkoloski@google.com>"
criteria = "safe-to-deploy"
delta = "0.4.4 -> 0.5.5"
notes = "Reviewed at https://fxrev.dev/946307"
aggregated-from = "https://fuchsia.googlesource.com/fuchsia/+/refs/heads/main/third_party/rust_crates/supply-chain/audits.toml?format=TEXT"

[[audits.google.audits.stable_deref_trait]]
who = "George Burgess IV <gbiv@google.com>"
criteria = "safe-to-run"
version = "1.2.0"
aggregated-from = "https://chromium.googlesource.com/chromiumos/third_party/rust_crates/+/refs/heads/main/cargo-vet/audits.toml?format=TEXT"

[[audits.google.audits.strsim]]
who = "Ying Hsu <yinghsu@chromium.org>"
criteria = "safe-to-run"
version = "0.11.1"
aggregated-from = "https://chromium.googlesource.com/chromiumos/third_party/rust_crates/+/refs/heads/main/cargo-vet/audits.toml?format=TEXT"

[[audits.google.audits.synstructure]]
who = "George Burgess IV <gbiv@google.com>"
criteria = "safe-to-run"
version = "0.12.4"
aggregated-from = "https://chromium.googlesource.com/chromiumos/third_party/rust_crates/+/refs/heads/main/cargo-vet/audits.toml?format=TEXT"

[[audits.google.audits.synstructure]]
who = "George Burgess IV <gbiv@google.com>"
criteria = "safe-to-run"
delta = "0.12.4 -> 0.13.1"
aggregated-from = "https://chromium.googlesource.com/chromiumos/third_party/rust_crates/+/refs/heads/main/cargo-vet/audits.toml?format=TEXT"

[[audits.google.audits.tinystr]]
who = "George Burgess IV <gbiv@google.com>"
criteria = "safe-to-run"
version = "0.7.6"
aggregated-from = "https://chromium.googlesource.com/chromiumos/third_party/rust_crates/+/refs/heads/main/cargo-vet/audits.toml?format=TEXT"

[[audits.google.audits.toml_datetime]]
who = "Hung-Hsien Chen <hunghsienchen@chromium.org>"
criteria = "safe-to-run"
version = "0.6.8"
aggregated-from = "https://chromium.googlesource.com/chromiumos/third_party/rust_crates/+/refs/heads/main/cargo-vet/audits.toml?format=TEXT"

[[audits.google.audits.unicode-ident]]
who = "Lukasz Anforowicz <lukasza@chromium.org>"
criteria = "safe-to-deploy"
version = "1.0.12"
notes = '''
I grepped for \"crypt\", \"cipher\", \"fs\", \"net\" - there were no hits.

All two functions from the public API of this crate use `unsafe` to avoid bound
checks for an array access.  Cross-module analysis shows that the offsets can
be statically proven to be within array bounds.  More details can be found in
the unsafe review CL at https://crrev.com/c/5350386.

This crate has been added to Chromium in https://crrev.com/c/3891618.
'''
aggregated-from = "https://chromium.googlesource.com/chromium/src/+/main/third_party/rust/chromium_crates_io/supply-chain/audits.toml?format=TEXT"

[[audits.google.audits.unicode-ident]]
who = "Dustin J. Mitchell <djmitche@chromium.org>"
criteria = "safe-to-deploy"
delta = "1.0.12 -> 1.0.13"
notes = "Lots of table updates, and tables are assumed correct with unsafe `.get_unchecked()`, so ub-risk-2 is appropriate"
aggregated-from = "https://chromium.googlesource.com/chromium/src/+/main/third_party/rust/chromium_crates_io/supply-chain/audits.toml?format=TEXT"

[[audits.google.audits.utf16_iter]]
who = "George Burgess IV <gbiv@google.com>"
criteria = "safe-to-run"
version = "1.0.5"
aggregated-from = "https://chromium.googlesource.com/chromiumos/third_party/rust_crates/+/refs/heads/main/cargo-vet/audits.toml?format=TEXT"

[[audits.google.audits.utf8_iter]]
who = "George Burgess IV <gbiv@google.com>"
criteria = "safe-to-run"
version = "1.0.4"
aggregated-from = "https://chromium.googlesource.com/chromiumos/third_party/rust_crates/+/refs/heads/main/cargo-vet/audits.toml?format=TEXT"

[[audits.google.audits.version_check]]
who = "George Burgess IV <gbiv@google.com>"
criteria = "safe-to-deploy"
version = "0.9.4"
aggregated-from = "https://chromium.googlesource.com/chromiumos/third_party/rust_crates/+/refs/heads/main/cargo-vet/audits.toml?format=TEXT"

[[audits.google.audits.write16]]
who = "George Burgess IV <gbiv@google.com>"
criteria = "safe-to-run"
version = "1.0.0"
aggregated-from = "https://chromium.googlesource.com/chromiumos/third_party/rust_crates/+/refs/heads/main/cargo-vet/audits.toml?format=TEXT"

[[audits.google.audits.writeable]]
who = "George Burgess IV <gbiv@google.com>"
criteria = "safe-to-run"
version = "0.5.5"
aggregated-from = "https://chromium.googlesource.com/chromiumos/third_party/rust_crates/+/refs/heads/main/cargo-vet/audits.toml?format=TEXT"

[[audits.google.audits.yoke]]
who = "George Burgess IV <gbiv@google.com>"
criteria = "safe-to-run"
version = "0.7.5"
aggregated-from = "https://chromium.googlesource.com/chromiumos/third_party/rust_crates/+/refs/heads/main/cargo-vet/audits.toml?format=TEXT"

[[audits.google.audits.yoke-derive]]
who = "George Burgess IV <gbiv@google.com>"
criteria = "safe-to-run"
version = "0.7.5"
aggregated-from = "https://chromium.googlesource.com/chromiumos/third_party/rust_crates/+/refs/heads/main/cargo-vet/audits.toml?format=TEXT"

[[audits.google.audits.zerofrom]]
who = "George Burgess IV <gbiv@google.com>"
criteria = "safe-to-run"
version = "0.1.5"
aggregated-from = "https://chromium.googlesource.com/chromiumos/third_party/rust_crates/+/refs/heads/main/cargo-vet/audits.toml?format=TEXT"

[[audits.google.audits.zerofrom-derive]]
who = "George Burgess IV <gbiv@google.com>"
criteria = "safe-to-run"
version = "0.1.5"
aggregated-from = "https://chromium.googlesource.com/chromiumos/third_party/rust_crates/+/refs/heads/main/cargo-vet/audits.toml?format=TEXT"

[[audits.google.audits.zerovec-derive]]
who = "George Burgess IV <gbiv@google.com>"
criteria = "safe-to-run"
version = "0.10.3"
aggregated-from = "https://chromium.googlesource.com/chromiumos/third_party/rust_crates/+/refs/heads/main/cargo-vet/audits.toml?format=TEXT"

[[audits.mozilla.audits.crossbeam-utils]]
who = "Jan-Erik Rediger <jrediger@mozilla.com>"
criteria = "safe-to-deploy"
delta = "0.8.14 -> 0.8.19"
aggregated-from = "https://raw.githubusercontent.com/mozilla/glean/main/supply-chain/audits.toml"

[[audits.mozilla.audits.crossbeam-utils]]
who = "Alex Franchuk <afranchuk@mozilla.com>"
criteria = "safe-to-deploy"
delta = "0.8.19 -> 0.8.20"
notes = "Minor changes."
aggregated-from = "https://hg.mozilla.org/mozilla-central/raw-file/tip/supply-chain/audits.toml"

[[audits.mozilla.audits.form_urlencoded]]
who = "Valentin Gosu <valentin.gosu@gmail.com>"
criteria = "safe-to-deploy"
version = "1.2.0"
aggregated-from = "https://hg.mozilla.org/mozilla-central/raw-file/tip/supply-chain/audits.toml"

[[audits.mozilla.audits.icu_collections]]
who = "Makoto Kato <m_kato@ga2.so-net.ne.jp>"
criteria = "safe-to-deploy"
version = "1.2.0"
notes = "This crate is used by ICU4X for internal data structure. There is no fileaccess and network access. This uses unsafe block, but we confirm data is valid before."
aggregated-from = "https://hg.mozilla.org/mozilla-central/raw-file/tip/supply-chain/audits.toml"

[[audits.mozilla.audits.icu_collections]]
who = "Makoto Kato <m_kato@ga2.so-net.ne.jp>"
criteria = "safe-to-deploy"
delta = "1.2.0 -> 1.4.0"
aggregated-from = "https://hg.mozilla.org/mozilla-central/raw-file/tip/supply-chain/audits.toml"

[[audits.mozilla.audits.icu_collections]]
who = "Makoto Kato <m_kato@ga2.so-net.ne.jp>"
criteria = "safe-to-deploy"
delta = "1.4.0 -> 1.5.0"
aggregated-from = "https://hg.mozilla.org/mozilla-central/raw-file/tip/supply-chain/audits.toml"

[[audits.mozilla.audits.icu_locid]]
who = "Makoto Kato <m_kato@ga2.so-net.ne.jp>"
criteria = "safe-to-deploy"
version = "1.2.0"
notes = "This has unsafe block to handle ascii string in utf-8 string. I've vetted the one instance of unsafe code."
aggregated-from = "https://hg.mozilla.org/mozilla-central/raw-file/tip/supply-chain/audits.toml"

[[audits.mozilla.audits.icu_locid]]
who = "Makoto Kato <m_kato@ga2.so-net.ne.jp>"
criteria = "safe-to-deploy"
delta = "1.2.0 -> 1.4.0"
aggregated-from = "https://hg.mozilla.org/mozilla-central/raw-file/tip/supply-chain/audits.toml"

[[audits.mozilla.audits.icu_locid]]
who = "Makoto Kato <m_kato@ga2.so-net.ne.jp>"
criteria = "safe-to-deploy"
delta = "1.4.0 -> 1.5.0"
aggregated-from = "https://hg.mozilla.org/mozilla-central/raw-file/tip/supply-chain/audits.toml"

[[audits.mozilla.audits.icu_normalizer]]
who = "Henri Sivonen <hsivonen@hsivonen.fi>"
criteria = "safe-to-deploy"
version = "1.5.0"
notes = "I, Henri Sivonen, am the principal author of this crate."
aggregated-from = "https://hg.mozilla.org/mozilla-central/raw-file/tip/supply-chain/audits.toml"

[[audits.mozilla.audits.icu_properties_data]]
who = "Jonathan Kew <jkew@mozilla.com>"
criteria = "safe-to-deploy"
version = "1.4.0"
notes = "Compile-time static data for the icu_properties crate."
aggregated-from = "https://hg.mozilla.org/mozilla-central/raw-file/tip/supply-chain/audits.toml"

[[audits.mozilla.audits.icu_properties_data]]
who = "Makoto Kato <m_kato@ga2.so-net.ne.jp>"
criteria = "safe-to-deploy"
delta = "1.4.0 -> 1.5.0"
aggregated-from = "https://hg.mozilla.org/mozilla-central/raw-file/tip/supply-chain/audits.toml"

[[audits.mozilla.audits.nix]]
who = "Alex Franchuk <afranchuk@mozilla.com>"
criteria = "safe-to-deploy"
delta = "0.28.0 -> 0.29.0"
aggregated-from = "https://hg.mozilla.org/mozilla-central/raw-file/tip/supply-chain/audits.toml"

[[audits.mozilla.audits.once_cell]]
who = "Erich Gubler <erichdongubler@gmail.com>"
criteria = "safe-to-deploy"
delta = "1.20.1 -> 1.20.2"
notes = "This update works around a Cargo bug that forces the addition of `portable-atomic` into a lockfile, which we have never needed to use."
aggregated-from = "https://hg.mozilla.org/mozilla-central/raw-file/tip/supply-chain/audits.toml"

[[audits.mozilla.audits.socket2]]
who = "Kershaw Chang <kershaw@mozilla.com>"
criteria = "safe-to-deploy"
delta = "0.5.5 -> 0.5.7"
aggregated-from = "https://hg.mozilla.org/mozilla-central/raw-file/tip/supply-chain/audits.toml"

[[audits.mozilla.audits.url]]
who = "Valentin Gosu <valentin.gosu@gmail.com>"
criteria = "safe-to-deploy"
version = "2.4.0"
aggregated-from = "https://hg.mozilla.org/mozilla-central/raw-file/tip/supply-chain/audits.toml"

[[audits.mozilla.audits.url]]
who = "Valentin Gosu <valentin.gosu@gmail.com>"
criteria = "safe-to-deploy"
delta = "2.4.0 -> 2.4.1"
aggregated-from = "https://hg.mozilla.org/mozilla-central/raw-file/tip/supply-chain/audits.toml"

[[audits.mozilla.audits.url]]
who = "Valentin Gosu <valentin.gosu@gmail.com>"
criteria = "safe-to-deploy"
delta = "2.4.1 -> 2.5.0"
aggregated-from = "https://hg.mozilla.org/mozilla-central/raw-file/tip/supply-chain/audits.toml"

[[audits.mozilla.audits.url]]
who = "Henri Sivonen <hsivonen@hsivonen.fi>"
criteria = "safe-to-deploy"
delta = "2.5.0 -> 2.5.1"
aggregated-from = "https://hg.mozilla.org/mozilla-central/raw-file/tip/supply-chain/audits.toml"

[[audits.mozilla.audits.url]]
who = "Valentin Gosu <valentin.gosu@gmail.com>"
criteria = "safe-to-deploy"
delta = "2.5.1 -> 2.5.4"
aggregated-from = "https://hg.mozilla.org/mozilla-central/raw-file/tip/supply-chain/audits.toml"

[[audits.mozilla.audits.zerovec]]
who = "Makoto Kato <m_kato@ga2.so-net.ne.jp>"
criteria = "safe-to-deploy"
version = "0.9.4"
notes = "This crate is zero-copy data structure implmentation. Although this uses unsafe block in several code, it requires for zero-copy. And this has a comment in code why this uses unsafe and I audited code."
aggregated-from = "https://hg.mozilla.org/mozilla-central/raw-file/tip/supply-chain/audits.toml"

[[audits.mozilla.audits.zerovec]]
who = "Makoto Kato <m_kato@ga2.so-net.ne.jp>"
criteria = "safe-to-deploy"
delta = "0.9.4 -> 0.10.1"
aggregated-from = "https://hg.mozilla.org/mozilla-central/raw-file/tip/supply-chain/audits.toml"

[[audits.mozilla.audits.zerovec]]
who = "Makoto Kato <m_kato@ga2.so-net.ne.jp>"
criteria = "safe-to-deploy"
delta = "0.10.1 -> 0.10.2"
aggregated-from = "https://hg.mozilla.org/mozilla-central/raw-file/tip/supply-chain/audits.toml"

[[audits.mozilla.audits.zerovec]]
who = "Mike Hommey <mh+mozilla@glandium.org>"
criteria = "safe-to-deploy"
delta = "0.10.2 -> 0.10.4"
aggregated-from = "https://hg.mozilla.org/mozilla-central/raw-file/tip/supply-chain/audits.toml"

[[audits.swsnr.audits.crossbeam-utils]]
who = "Sebastian Wiesner <sebastian@swsnr.de>"
criteria = "safe-to-run"
delta = "0.8.15 -> 0.8.14"
aggregated-from = "https://raw.githubusercontent.com/swsnr/turnon/refs/heads/main/supply-chain/audits.toml"

[[audits.swsnr.audits.crossbeam-utils]]
who = "Sebastian Wiesner <sebastian@swsnr.de>"
criteria = "safe-to-deploy"
delta = "0.8.20 -> 0.8.21"
notes = "Only changes cfg and lint annotations, no other code change"
aggregated-from = "https://raw.githubusercontent.com/swsnr/turnon/refs/heads/main/supply-chain/audits.toml"

[[audits.swsnr.audits.event-listener-strategy]]
who = "Sebastian Wiesner <sebastian@swsnr.de>"
criteria = "safe-to-deploy"
delta = "0.5.2 -> 0.5.3"
notes = "Only exports a new feature and slightly changes some type signatures."
aggregated-from = "https://raw.githubusercontent.com/swsnr/turnon/refs/heads/main/supply-chain/audits.toml"

[[audits.swsnr.audits.memoffset]]
who = "Sebastian Wiesner <sebastian@swsnr.de>"
criteria = "safe-to-run"
delta = "0.9.0 -> 0.9.1"
aggregated-from = "https://raw.githubusercontent.com/swsnr/turnon/refs/heads/main/supply-chain/audits.toml"

[[audits.swsnr.audits.parking]]
who = "Sebastian Wiesner <sebastian@swsnr.de>"
criteria = "safe-to-deploy"
version = "2.2.1"
notes = """
Contains no unsafe code, and does not access the system beyond parking.
Thread locking and parking logic is a bit intricate, but well documented, and
appears to be sound, superficially.
"""
aggregated-from = "https://raw.githubusercontent.com/swsnr/turnon/refs/heads/main/supply-chain/audits.toml"

[[audits.swsnr.audits.pin-project-lite]]
who = "Sebastian Wiesner <sebastian@swsnr.de>"
criteria = "safe-to-run"
delta = "0.2.14 -> 0.2.15"
aggregated-from = "https://raw.githubusercontent.com/swsnr/turnon/refs/heads/main/supply-chain/audits.toml"

[[audits.swsnr.audits.pkg-config]]
who = "Sebastian Wiesner <sebastian@swsnr.de>"
criteria = "safe-to-deploy"
delta = "0.3.29 -> 0.3.30"
notes = "This change just adds documentation."
aggregated-from = "https://raw.githubusercontent.com/swsnr/git-gone/refs/heads/main/supply-chain/audits.toml"

[[audits.swsnr.audits.socket2]]
who = "Sebastian Wiesner <sebastian@swsnr.de>"
criteria = "safe-to-run"
delta = "0.5.7 -> 0.5.8"
notes = "Only straight-forward wrappers around underlying C/syscall APIs; looks correct, but I didn't audit use of unsafe and correct use of these unsafe APIs."
aggregated-from = "https://raw.githubusercontent.com/swsnr/turnon/refs/heads/main/supply-chain/audits.toml"
