
# cargo-vet imports lock

[[publisher.async-broadcast]]
version = "0.7.2"
when = "2024-12-23"
user-id = 6423
user-login = "zeenix"
user-name = "Zeeshan Ali Khan"

[[publisher.async-channel]]
version = "2.5.0"
when = "2025-07-06"
user-id = 33035
user-login = "taiki-e"
user-name = "Taiki Endo"

[[publisher.async-io]]
version = "2.6.0"
when = "2025-09-14"
user-id = 33035
user-login = "taiki-e"
user-name = "Taiki Endo"

[[publisher.async-process]]
version = "2.5.0"
when = "2025-09-14"
user-id = 33035
user-login = "taiki-e"
user-name = "Taiki Endo"

[[publisher.async-signal]]
version = "0.2.13"
when = "2025-09-14"
user-id = 33035
user-login = "taiki-e"
user-name = "Taiki Endo"

[[publisher.async-trait]]
version = "0.1.89"
when = "2025-08-14"
user-id = 3618
user-login = "dtolnay"
user-name = "David Tolnay"

[[publisher.atomic-waker]]
version = "1.1.0"
when = "2023-01-15"
user-id = 33035
user-login = "taiki-e"
user-name = "Taiki Endo"

[[publisher.autocfg]]
version = "1.5.0"
when = "2025-06-17"
user-id = 539
user-login = "cuviper"
user-name = "Josh Stone"

[[publisher.blocking]]
version = "1.6.2"
when = "2025-07-06"
user-id = 33035
user-login = "taiki-e"
user-name = "Taiki Endo"

[[publisher.bumpalo]]
version = "3.19.1"
when = "2025-12-16"
user-id = 696
user-login = "fitzgen"
user-name = "Nick Fitzgerald"

[[publisher.concurrent-queue]]
version = "2.1.0"
when = "2023-01-15"
user-id = 33035
user-login = "taiki-e"
user-name = "Taiki Endo"

[[publisher.endi]]
version = "1.1.1"
when = "2025-11-26"
user-id = 6423
user-login = "zeenix"
user-name = "Zeeshan Ali Khan"

[[publisher.errno]]
version = "0.3.14"
when = "2025-09-09"
user-id = 6825
user-login = "sunfishcode"
user-name = "Dan Gohman"

[[publisher.hashbrown]]
version = "0.15.2"
when = "2024-11-25"
user-id = 2915
user-login = "Amanieu"
user-name = "Amanieu d'Antras"

[[publisher.indexmap]]
version = "2.12.0"
when = "2025-10-17"
user-id = 539
user-login = "cuviper"
user-name = "Josh Stone"

[[publisher.libc]]
version = "0.2.178"
when = "2025-12-02"
user-id = 55123
user-login = "rust-lang-owner"

[[publisher.libsqlite3-sys]]
version = "0.35.0"
when = "2025-07-06"
user-id = 5062
user-login = "gwenn"
user-name = "gwenn"

[[publisher.linux-raw-sys]]
version = "0.11.0"
when = "2025-09-09"
user-id = 6825
user-login = "sunfishcode"
user-name = "Dan Gohman"

[[publisher.logcontrol]]
version = "1.0.3"
when = "2025-05-05"
user-id = 4372
user-login = "swsnr"

[[publisher.logcontrol-tracing]]
version = "0.2.2"
when = "2025-05-05"
user-id = 4372
user-login = "swsnr"

[[publisher.logcontrol-zbus]]
version = "3.0.2"
when = "2025-05-05"
user-id = 4372
user-login = "swsnr"

[[publisher.memchr]]
version = "2.7.6"
when = "2025-09-25"
user-id = 189
user-login = "BurntSushi"
user-name = "Andrew Gallant"

[[publisher.polling]]
version = "3.11.0"
when = "2025-09-14"
user-id = 33035
user-login = "taiki-e"
user-name = "Taiki Endo"

[[publisher.regex-automata]]
version = "0.4.13"
when = "2025-10-13"
user-id = 189
user-login = "BurntSushi"
user-name = "Andrew Gallant"

[[publisher.regex-syntax]]
version = "0.8.8"
when = "2025-10-13"
user-id = 189
user-login = "BurntSushi"
user-name = "Andrew Gallant"

[[publisher.rusqlite]]
version = "0.37.0"
when = "2025-07-06"
user-id = 5062
user-login = "gwenn"
user-name = "gwenn"

[[publisher.serde]]
version = "1.0.228"
when = "2025-09-27"
user-id = 3618
user-login = "dtolnay"
user-name = "David Tolnay"

[[publisher.serde_derive]]
version = "1.0.228"
when = "2025-09-27"
user-id = 3618
user-login = "dtolnay"
user-name = "David Tolnay"

[[publisher.serde_json]]
version = "1.0.148"
when = "2025-12-27"
user-id = 3618
user-login = "dtolnay"
user-name = "David Tolnay"

[[publisher.serde_repr]]
version = "0.1.20"
when = "2025-03-04"
user-id = 3618
user-login = "dtolnay"
user-name = "David Tolnay"

[[publisher.slab]]
version = "0.4.11"
when = "2025-08-08"
user-id = 6741
user-login = "Darksonn"
user-name = "Alice Ryhl"

[[publisher.smallvec]]
version = "1.15.1"
when = "2025-06-06"
user-id = 2017
user-login = "mbrubeck"
user-name = "Matt Brubeck"

[[publisher.thread_local]]
version = "1.1.9"
when = "2025-06-12"
user-id = 2915
user-login = "Amanieu"
user-name = "Amanieu d'Antras"

[[publisher.valuable]]
version = "0.1.1"
when = "2025-01-17"
user-id = 33035
user-login = "taiki-e"
user-name = "Taiki Endo"

[[publisher.wasip2]]
version = "1.0.1+wasi-0.2.4"
when = "2025-09-15"
user-id = 1
user-login = "alexcrichton"
user-name = "Alex Crichton"

[[publisher.windows-sys]]
version = "0.61.2"
when = "2025-10-06"
user-id = 64539
user-login = "kennykerr"
user-name = "Kenny Kerr"

[[publisher.wit-bindgen]]
version = "0.43.0"
when = "2025-06-24"
user-id = 73222
user-login = "wasmtime-publish"

[[publisher.zbus]]
version = "5.12.0"
when = "2025-10-15"
user-id = 6423
user-login = "zeenix"
user-name = "Zeeshan Ali Khan"

[[publisher.zbus_macros]]
version = "5.12.0"
when = "2025-10-15"
user-id = 6423
user-login = "zeenix"
user-name = "Zeeshan Ali Khan"

[[publisher.zbus_names]]
version = "4.2.0"
when = "2025-02-05"
user-id = 6423
user-login = "zeenix"
user-name = "Zeeshan Ali Khan"

[[publisher.zvariant]]
version = "5.8.0"
when = "2025-10-15"
user-id = 6423
user-login = "zeenix"
user-name = "Zeeshan Ali Khan"

[[publisher.zvariant_derive]]
version = "5.8.0"
when = "2025-10-15"
user-id = 6423
user-login = "zeenix"
user-name = "Zeeshan Ali Khan"

[[publisher.zvariant_utils]]
version = "3.2.1"
when = "2025-08-24"
user-id = 6423
user-login = "zeenix"
user-name = "Zeeshan Ali Khan"

[[audits.bytecode-alliance.wildcard-audits.bumpalo]]
who = "Nick Fitzgerald <fitzgen@gmail.com>"
criteria = "safe-to-deploy"
user-id = 696 # Nick Fitzgerald (fitzgen)
start = "2019-03-16"
end = "2026-08-21"

[[audits.bytecode-alliance.wildcard-audits.wasip2]]
who = "Alex Crichton <alex@alexcrichton.com>"
criteria = "safe-to-deploy"
user-id = 1 # Alex Crichton (alexcrichton)
start = "2025-08-10"
end = "2026-08-21"
notes = """
This is a Bytecode Alliance authored crate.
"""

[[audits.bytecode-alliance.wildcard-audits.wit-bindgen]]
who = "Alex Crichton <alex@alexcrichton.com>"
criteria = "safe-to-deploy"
user-id = 73222 # wasmtime-publish
start = "2023-01-01"
end = "2026-06-03"
notes = """
The Bytecode Alliance uses the `wasmtime-publish` crates.io account to automate
publication of this crate from CI. This repository requires all PRs are reviewed
by a Bytecode Alliance maintainer and it owned by the Bytecode Alliance itself.
"""

[[audits.bytecode-alliance.audits.bitflags]]
who = "Alex Crichton <alex@alexcrichton.com>"
criteria = "safe-to-deploy"
delta = "2.7.0 -> 2.9.4"
notes = "Tweaks to the macro, nothing out of order."

[[audits.bytecode-alliance.audits.cfg-if]]
who = "Alex Crichton <alex@alexcrichton.com>"
criteria = "safe-to-deploy"
version = "1.0.0"
notes = "I am the author of this crate."

[[audits.bytecode-alliance.audits.fastrand]]
who = "Alex Crichton <alex@alexcrichton.com>"
criteria = "safe-to-deploy"
delta = "2.0.0 -> 2.0.1"
notes = """
This update had a few doc updates but no otherwise-substantial source code
updates.
"""

[[audits.bytecode-alliance.audits.foldhash]]
who = "Alex Crichton <alex@alexcrichton.com>"
criteria = "safe-to-deploy"
version = "0.1.3"
notes = """
Only a minor amount of `unsafe` code in this crate related to global per-process
initialization which looks correct to me.
"""

[[audits.bytecode-alliance.audits.idna]]
who = "Alex Crichton <alex@alexcrichton.com>"
criteria = "safe-to-deploy"
version = "0.3.0"
notes = """
This is a crate without unsafe code or usage of the standard library. The large
size of this crate comes from the large generated unicode tables file. This
crate is broadly used throughout the ecosystem and does not contain anything
suspicious.
"""

[[audits.bytecode-alliance.audits.matchers]]
who = "Pat Hickey <phickey@fastly.com>"
criteria = "safe-to-deploy"
version = "0.1.0"

[[audits.bytecode-alliance.audits.matchers]]
who = "Alex Crichton <alex@alexcrichton.com>"
criteria = "safe-to-deploy"
delta = "0.1.0 -> 0.2.0"
notes = "Some unsafe code, but not more than before. Nothing awry."

[[audits.bytecode-alliance.audits.memoffset]]
who = "Alex Crichton <alex@alexcrichton.com>"
criteria = "safe-to-deploy"
delta = "0.7.1 -> 0.8.0"
notes = "This was a small update to the crate which has to do with Rust language features and compiler versions, no substantial changes."

[[audits.bytecode-alliance.audits.memoffset]]
who = "Alex Crichton <alex@alexcrichton.com>"
criteria = "safe-to-deploy"
delta = "0.8.0 -> 0.9.0"
notes = "No major changes in the crate, mostly updates to use new nightly Rust features."

[[audits.bytecode-alliance.audits.nu-ansi-term]]
who = "Pat Hickey <phickey@fastly.com>"
criteria = "safe-to-deploy"
version = "0.46.0"
notes = "one use of unsafe to call windows specific api to get console handle."

[[audits.bytecode-alliance.audits.nu-ansi-term]]
who = "Alex Crichton <alex@alexcrichton.com>"
criteria = "safe-to-deploy"
delta = "0.46.0 -> 0.50.1"
notes = "Lots of stylistic/rust-related chanegs, plus new features, but nothing out of the ordrinary."

[[audits.bytecode-alliance.audits.percent-encoding]]
who = "Alex Crichton <alex@alexcrichton.com>"
criteria = "safe-to-deploy"
version = "2.2.0"
notes = """
This crate is a single-file crate that does what it says on the tin. There are
a few `unsafe` blocks related to utf-8 validation which are locally verifiable
as correct and otherwise this crate is good to go.
"""

[[audits.bytecode-alliance.audits.pin-project-lite]]
who = "Alex Crichton <alex@alexcrichton.com>"
criteria = "safe-to-deploy"
delta = "0.2.13 -> 0.2.14"
notes = "No substantive changes in this update"

[[audits.bytecode-alliance.audits.sharded-slab]]
who = "Pat Hickey <phickey@fastly.com>"
criteria = "safe-to-deploy"
version = "0.1.4"
notes = "I always really enjoy reading eliza's code, she left perfect comments at every use of unsafe."

[[audits.bytecode-alliance.audits.static_assertions]]
who = "Andrew Brown <andrew.brown@intel.com>"
criteria = "safe-to-deploy"
version = "1.1.0"
notes = "No dependencies and completely a compile-time crate as advertised. Uses `unsafe` in one module as a compile-time check only: `mem::transmute` and `ptr::write` are wrapped in an impossible-to-run closure."

[[audits.bytecode-alliance.audits.tracing-log]]
who = "Alex Crichton <alex@alexcrichton.com>"
criteria = "safe-to-deploy"
version = "0.1.3"
notes = """
This is a standard adapter between the `log` ecosystem and the `tracing`
ecosystem. There's one `unsafe` block in this crate and it's well-scoped.
"""

[[audits.bytecode-alliance.audits.tracing-log]]
who = "Alex Crichton <alex@alexcrichton.com>"
criteria = "safe-to-deploy"
delta = "0.1.3 -> 0.2.0"
notes = "Nothing out of the ordinary, a typical major version update and nothing awry."

[[audits.bytecode-alliance.audits.vcpkg]]
who = "Pat Hickey <phickey@fastly.com>"
criteria = "safe-to-deploy"
version = "0.2.15"
notes = "no build.rs, no macros, no unsafe. It reads the filesystem and makes copies of DLLs into OUT_DIR."

[[audits.bytecode-alliance.audits.wit-bindgen]]
who = "Alex Crichton <alex@alexcrichton.com>"
criteria = "safe-to-deploy"
delta = "0.43.0 -> 0.45.0"
notes = "The Bytecode Alliance is the author of this crate"

[[audits.bytecode-alliance.audits.wit-bindgen]]
who = "Alex Crichton <alex@alexcrichton.com>"
criteria = "safe-to-deploy"
delta = "0.45.0 -> 0.45.1"
notes = "The Bytecode Alliance is the author of this crate"

[[audits.bytecode-alliance.audits.wit-bindgen]]
who = "Alex Crichton <alex@alexcrichton.com>"
criteria = "safe-to-deploy"
delta = "0.45.1 -> 0.46.0"
notes = "The Bytecode Alliance is the author of this crate"

[[audits.embark-studios.audits.cfg_aliases]]
who = "Johan Andersson <opensource@embark-studios.com>"
criteria = "safe-to-deploy"
version = "0.1.1"
notes = "No unsafe usage or ambient capabilities"

[[audits.gnome-releng.audits.cfg_aliases]]
who = "Sophie Herold <sophie@hemio.de>"
criteria = "safe-to-deploy"
delta = "0.1.1 -> 0.2.1"
aggregated-from = "https://gitlab.gnome.org/GNOME/loupe/-/raw/main/supply-chain/audits.toml"

[[audits.google.audits.bitflags]]
who = "Justin Green <greenjustin@google.com>"
criteria = "safe-to-run"
version = "2.6.0"
aggregated-from = "https://chromium.googlesource.com/chromiumos/third_party/rust_crates/+/refs/heads/main/cargo-vet/audits.toml?format=TEXT"

[[audits.google.audits.configparser]]
who = "George Burgess IV <gbiv@google.com>"
criteria = "safe-to-deploy"
version = "3.0.2"
aggregated-from = "https://chromium.googlesource.com/chromiumos/third_party/rust_crates/+/refs/heads/main/cargo-vet/audits.toml?format=TEXT"

[[audits.google.audits.configparser]]
who = "Li-Yu Yu <aaronyu@google.com>"
criteria = "safe-to-run"
delta = "3.0.2 -> 3.1.0"
aggregated-from = "https://chromium.googlesource.com/chromiumos/third_party/rust_crates/+/refs/heads/main/cargo-vet/audits.toml?format=TEXT"

[[audits.google.audits.crossbeam-utils]]
who = "George Burgess IV <gbiv@google.com>"
criteria = "safe-to-run"
version = "0.8.15"
aggregated-from = "https://chromium.googlesource.com/chromiumos/third_party/rust_crates/+/refs/heads/main/cargo-vet/audits.toml?format=TEXT"

[[audits.google.audits.displaydoc]]
who = "George Burgess IV <gbiv@google.com>"
criteria = "safe-to-run"
version = "0.2.5"
aggregated-from = "https://chromium.googlesource.com/chromiumos/third_party/rust_crates/+/refs/heads/main/cargo-vet/audits.toml?format=TEXT"

[[audits.google.audits.equivalent]]
who = "George Burgess IV <gbiv@google.com>"
criteria = "safe-to-deploy"
version = "1.0.1"
aggregated-from = "https://chromium.googlesource.com/chromiumos/third_party/rust_crates/+/refs/heads/main/cargo-vet/audits.toml?format=TEXT"

[[audits.google.audits.equivalent]]
who = "Jonathan Hao <phao@chromium.org>"
criteria = "safe-to-deploy"
delta = "1.0.1 -> 1.0.2"
notes = "No changes to any .rs files or Rust code."
aggregated-from = "https://chromium.googlesource.com/chromium/src/+/main/third_party/rust/chromium_crates_io/supply-chain/audits.toml?format=TEXT"

[[audits.google.audits.fallible-iterator]]
who = "Hidenori Kobayashi <hidenorik@chromium.org>"
criteria = "safe-to-run"
version = "0.3.0"
aggregated-from = "https://chromium.googlesource.com/chromiumos/third_party/rust_crates/+/refs/heads/main/cargo-vet/audits.toml?format=TEXT"

[[audits.google.audits.fastrand]]
who = "George Burgess IV <gbiv@google.com>"
criteria = "safe-to-deploy"
version = "1.9.0"
notes = """
`does-not-implement-crypto` is certified because this crate explicitly says
that the RNG here is not cryptographically secure.
"""
aggregated-from = "https://chromium.googlesource.com/chromiumos/third_party/rust_crates/+/refs/heads/main/cargo-vet/audits.toml?format=TEXT"

[[audits.google.audits.foldhash]]
who = "Adrian Taylor <adetaylor@chromium.org>"
criteria = "safe-to-deploy"
delta = "0.1.3 -> 0.1.4"
notes = "No changes to safety-relevant code"
aggregated-from = "https://chromium.googlesource.com/chromium/src/+/main/third_party/rust/chromium_crates_io/supply-chain/audits.toml?format=TEXT"

[[audits.google.audits.form_urlencoded]]
who = "George Burgess IV <gbiv@google.com>"
criteria = "safe-to-run"
delta = "1.2.0 -> 1.2.1"
aggregated-from = "https://chromium.googlesource.com/chromiumos/third_party/rust_crates/+/refs/heads/main/cargo-vet/audits.toml?format=TEXT"

[[audits.google.audits.futures-core]]
who = "George Burgess IV <gbiv@google.com>"
criteria = "safe-to-run"
version = "0.3.28"
aggregated-from = "https://chromium.googlesource.com/chromiumos/third_party/rust_crates/+/refs/heads/main/cargo-vet/audits.toml?format=TEXT"

[[audits.google.audits.futures-core]]
who = "George Burgess IV <gbiv@google.com>"
criteria = "safe-to-run"
delta = "0.3.28 -> 0.3.31"
aggregated-from = "https://chromium.googlesource.com/chromiumos/third_party/rust_crates/+/refs/heads/main/cargo-vet/audits.toml?format=TEXT"

[[audits.google.audits.futures-io]]
who = "George Burgess IV <gbiv@google.com>"
criteria = "safe-to-run"
version = "0.3.28"
aggregated-from = "https://chromium.googlesource.com/chromiumos/third_party/rust_crates/+/refs/heads/main/cargo-vet/audits.toml?format=TEXT"

[[audits.google.audits.futures-io]]
who = "George Burgess IV <gbiv@google.com>"
criteria = "safe-to-run"
delta = "0.3.28 -> 0.3.31"
aggregated-from = "https://chromium.googlesource.com/chromiumos/third_party/rust_crates/+/refs/heads/main/cargo-vet/audits.toml?format=TEXT"

[[audits.google.audits.hex]]
who = "ChromeOS"
criteria = "safe-to-run"
version = "0.4.3"
aggregated-from = "https://chromium.googlesource.com/chromiumos/third_party/rust_crates/+/refs/heads/main/cargo-vet/audits.toml?format=TEXT"

[[audits.google.audits.idna]]
who = "George Burgess IV <gbiv@google.com>"
criteria = "safe-to-run"
delta = "0.3.0 -> 1.0.3"
aggregated-from = "https://chromium.googlesource.com/chromiumos/third_party/rust_crates/+/refs/heads/main/cargo-vet/audits.toml?format=TEXT"

[[audits.google.audits.idna_adapter]]
who = "George Burgess IV <gbiv@google.com>"
criteria = "safe-to-run"
version = "1.2.0"
aggregated-from = "https://chromium.googlesource.com/chromiumos/third_party/rust_crates/+/refs/heads/main/cargo-vet/audits.toml?format=TEXT"

[[audits.google.audits.lazy_static]]
who = "Android Legacy"
criteria = "safe-to-run"
version = "1.4.0"
aggregated-from = "https://chromium.googlesource.com/chromiumos/third_party/rust_crates/+/refs/heads/main/cargo-vet/audits.toml?format=TEXT"

[[audits.google.audits.lazy_static]]
who = "Lukasz Anforowicz <lukasza@chromium.org>"
criteria = "safe-to-deploy"
delta = "1.4.0 -> 1.5.0"
notes = "Unsafe review notes: https://crrev.com/c/5650836"
aggregated-from = "https://chromium.googlesource.com/chromium/src/+/main/third_party/rust/chromium_crates_io/supply-chain/audits.toml?format=TEXT"

[[audits.google.audits.memoffset]]
who = "George Burgess IV <gbiv@google.com>"
criteria = "safe-to-run"
version = "0.6.5"
aggregated-from = "https://chromium.googlesource.com/chromiumos/third_party/rust_crates/+/refs/heads/main/cargo-vet/audits.toml?format=TEXT"

[[audits.google.audits.memoffset]]
who = "Dennis Kempin <denniskempin@google.com>"
criteria = "safe-to-run"
delta = "0.6.5 -> 0.7.1"
aggregated-from = "https://chromium.googlesource.com/chromiumos/third_party/rust_crates/+/refs/heads/main/cargo-vet/audits.toml?format=TEXT"

[[audits.google.audits.nix]]
who = "David Koloski <dkoloski@google.com>"
criteria = "safe-to-run"
version = "0.26.2"
notes = """
Reviewed on https://fxrev.dev/780283
Issues:
- https://github.com/nix-rust/nix/issues/1975
- https://github.com/nix-rust/nix/issues/1977
- https://github.com/nix-rust/nix/pull/1978
- https://github.com/nix-rust/nix/pull/1979
- https://github.com/nix-rust/nix/issues/1980
- https://github.com/nix-rust/nix/issues/1981
- https://github.com/nix-rust/nix/pull/1983
- https://github.com/nix-rust/nix/issues/1990
- https://github.com/nix-rust/nix/pull/1992
- https://github.com/nix-rust/nix/pull/1993
"""
aggregated-from = "https://fuchsia.googlesource.com/fuchsia/+/refs/heads/main/third_party/rust_crates/supply-chain/audits.toml?format=TEXT"

[[audits.google.audits.nix]]
who = "George Burgess IV <gbiv@google.com>"
criteria = "safe-to-run"
delta = "0.26.2 -> 0.27.1"
aggregated-from = "https://chromium.googlesource.com/chromiumos/third_party/rust_crates/+/refs/heads/main/cargo-vet/audits.toml?format=TEXT"

[[audits.google.audits.nix]]
who = "Daniel Verkamp <dverkamp@chromium.org>"
criteria = "safe-to-run"
delta = "0.27.1 -> 0.28.0"
aggregated-from = "https://chromium.googlesource.com/chromiumos/third_party/rust_crates/+/refs/heads/main/cargo-vet/audits.toml?format=TEXT"

[[audits.google.audits.nix]]
who = "Hsin-chen Chuang <chharry@chromium.org>"
criteria = "safe-to-run"
delta = "0.28.0 -> 0.29.0"
aggregated-from = "https://chromium.googlesource.com/chromiumos/third_party/rust_crates/+/refs/heads/main/cargo-vet/audits.toml?format=TEXT"

[[audits.google.audits.once_cell]]
who = "Ying Hsu <yinghsu@chromium.org>"
criteria = "safe-to-run"
version = "1.19.0"
aggregated-from = "https://chromium.googlesource.com/chromiumos/third_party/rust_crates/+/refs/heads/main/cargo-vet/audits.toml?format=TEXT"

[[audits.google.audits.percent-encoding]]
who = "George Burgess IV <gbiv@google.com>"
criteria = "safe-to-run"
delta = "2.2.0 -> 2.3.0"
aggregated-from = "https://chromium.googlesource.com/chromiumos/third_party/rust_crates/+/refs/heads/main/cargo-vet/audits.toml?format=TEXT"

[[audits.google.audits.percent-encoding]]
who = "George Burgess IV <gbiv@google.com>"
criteria = "safe-to-run"
delta = "2.3.0 -> 2.3.1"
aggregated-from = "https://chromium.googlesource.com/chromiumos/third_party/rust_crates/+/refs/heads/main/cargo-vet/audits.toml?format=TEXT"

[[audits.google.audits.pin-project-lite]]
who = "ChromeOS"
criteria = "safe-to-run"
version = "0.2.9"
aggregated-from = "https://chromium.googlesource.com/chromiumos/third_party/rust_crates/+/refs/heads/main/cargo-vet/audits.toml?format=TEXT"

[[audits.google.audits.pin-project-lite]]
who = "David Koloski <dkoloski@google.com>"
criteria = "safe-to-deploy"
delta = "0.2.9 -> 0.2.13"
notes = "Audited at https://fxrev.dev/946396"
aggregated-from = "https://fuchsia.googlesource.com/fuchsia/+/refs/heads/main/third_party/rust_crates/supply-chain/audits.toml?format=TEXT"

[[audits.google.audits.pkg-config]]
who = "Justin Green <greenjustin@google.com>"
criteria = "safe-to-run"
version = "0.3.31"
aggregated-from = "https://chromium.googlesource.com/chromiumos/third_party/rust_crates/+/refs/heads/main/cargo-vet/audits.toml?format=TEXT"

[[audits.google.audits.proc-macro-crate]]
who = "George Burgess IV <gbiv@google.com>"
criteria = "safe-to-run"
version = "1.2.1"
aggregated-from = "https://chromium.googlesource.com/chromiumos/third_party/rust_crates/+/refs/heads/main/cargo-vet/audits.toml?format=TEXT"

[[audits.google.audits.proc-macro2]]
who = "Ying Hsu <yinghsu@chromium.org>"
criteria = "safe-to-run"
version = "1.0.79"
aggregated-from = "https://chromium.googlesource.com/chromiumos/third_party/rust_crates/+/refs/heads/main/cargo-vet/audits.toml?format=TEXT"

[[audits.google.audits.proc-macro2]]
who = "Hung-Hsien Chen <hunghsienchen@chromium.org>"
criteria = "safe-to-run"
delta = "1.0.79 -> 1.0.86"
aggregated-from = "https://chromium.googlesource.com/chromiumos/third_party/rust_crates/+/refs/heads/main/cargo-vet/audits.toml?format=TEXT"

[[audits.google.audits.proc-macro2]]
who = "danakj <danakj@chromium.org>"
criteria = "safe-to-deploy"
delta = "1.0.86 -> 1.0.87"
notes = "No new unsafe interactions."
aggregated-from = "https://chromium.googlesource.com/chromium/src/+/main/third_party/rust/chromium_crates_io/supply-chain/audits.toml?format=TEXT"

[[audits.google.audits.proc-macro2]]
who = "Liza Burakova <liza@chromium.org"
criteria = "safe-to-deploy"
delta = "1.0.87 -> 1.0.89"
notes = """
Biggest change is adding error handling in build.rs.
Some config related changes in wrapper.rs.
"""
aggregated-from = "https://chromium.googlesource.com/chromium/src/+/main/third_party/rust/chromium_crates_io/supply-chain/audits.toml?format=TEXT"

[[audits.google.audits.proc-macro2]]
who = "Daniel Cheng <dcheng@chromium.org>"
criteria = "safe-to-deploy"
delta = "1.0.93 -> 1.0.94"
notes = "Minor doc changes and clippy lint adjustments+fixes."
aggregated-from = "https://chromium.googlesource.com/chromium/src/+/main/third_party/rust/chromium_crates_io/supply-chain/audits.toml?format=TEXT"

[[audits.google.audits.quote]]
who = "Ying Hsu <yinghsu@chromium.org>"
criteria = "safe-to-run"
version = "1.0.36"
aggregated-from = "https://chromium.googlesource.com/chromiumos/third_party/rust_crates/+/refs/heads/main/cargo-vet/audits.toml?format=TEXT"

[[audits.google.audits.quote]]
who = "Lukasz Anforowicz <lukasza@chromium.org>"
criteria = "safe-to-deploy"
delta = "1.0.36 -> 1.0.37"
notes = """
The delta just 1) inlines/expands `impl ToTokens` that used to be handled via
`primitive!` macro and 2) adds `impl ToTokens` for `CStr` and `CString`.
"""
aggregated-from = "https://chromium.googlesource.com/chromium/src/+/main/third_party/rust/chromium_crates_io/supply-chain/audits.toml?format=TEXT"

[[audits.google.audits.quote]]
who = "Daniel Cheng <dcheng@chromium.org>"
criteria = "safe-to-deploy"
delta = "1.0.38 -> 1.0.39"
notes = "Only minor changes for clippy lints and documentation."
aggregated-from = "https://chromium.googlesource.com/chromium/src/+/main/third_party/rust/chromium_crates_io/supply-chain/audits.toml?format=TEXT"

[[audits.google.audits.quote]]
who = "Lukasz Anforowicz <lukasza@chromium.org>"
criteria = "safe-to-deploy"
delta = "1.0.39 -> 1.0.40"
notes = """
The delta is just a simplification of how `tokens.extend(...)` call is made.
Still no `unsafe` anywhere.
"""
aggregated-from = "https://chromium.googlesource.com/chromium/src/+/main/third_party/rust/chromium_crates_io/supply-chain/audits.toml?format=TEXT"

[[audits.google.audits.stable_deref_trait]]
who = "George Burgess IV <gbiv@google.com>"
criteria = "safe-to-run"
version = "1.2.0"
aggregated-from = "https://chromium.googlesource.com/chromiumos/third_party/rust_crates/+/refs/heads/main/cargo-vet/audits.toml?format=TEXT"

[[audits.google.audits.synstructure]]
who = "George Burgess IV <gbiv@google.com>"
criteria = "safe-to-run"
version = "0.12.4"
aggregated-from = "https://chromium.googlesource.com/chromiumos/third_party/rust_crates/+/refs/heads/main/cargo-vet/audits.toml?format=TEXT"

[[audits.google.audits.synstructure]]
who = "George Burgess IV <gbiv@google.com>"
criteria = "safe-to-run"
delta = "0.12.4 -> 0.13.1"
aggregated-from = "https://chromium.googlesource.com/chromiumos/third_party/rust_crates/+/refs/heads/main/cargo-vet/audits.toml?format=TEXT"

[[audits.google.audits.unicode-ident]]
who = "Lukasz Anforowicz <lukasza@chromium.org>"
criteria = "safe-to-deploy"
version = "1.0.12"
notes = '''
I grepped for \"crypt\", \"cipher\", \"fs\", \"net\" - there were no hits.

All two functions from the public API of this crate use `unsafe` to avoid bound
checks for an array access.  Cross-module analysis shows that the offsets can
be statically proven to be within array bounds.  More details can be found in
the unsafe review CL at https://crrev.com/c/5350386.

This crate has been added to Chromium in https://crrev.com/c/3891618.
'''
aggregated-from = "https://chromium.googlesource.com/chromium/src/+/main/third_party/rust/chromium_crates_io/supply-chain/audits.toml?format=TEXT"

[[audits.google.audits.unicode-ident]]
who = "Dustin J. Mitchell <djmitche@chromium.org>"
criteria = "safe-to-deploy"
delta = "1.0.12 -> 1.0.13"
notes = "Lots of table updates, and tables are assumed correct with unsafe `.get_unchecked()`, so ub-risk-2 is appropriate"
aggregated-from = "https://chromium.googlesource.com/chromium/src/+/main/third_party/rust/chromium_crates_io/supply-chain/audits.toml?format=TEXT"

[[audits.google.audits.unicode-ident]]
who = "Adrian Taylor <adetaylor@chromium.org>"
criteria = "safe-to-deploy"
delta = "1.0.14 -> 1.0.15"
notes = "No changes relevant to any of these criteria."
aggregated-from = "https://chromium.googlesource.com/chromium/src/+/main/third_party/rust/chromium_crates_io/supply-chain/audits.toml?format=TEXT"

[[audits.google.audits.unicode-ident]]
who = "Liza Burakova <liza@chromium.org>"
criteria = "safe-to-deploy"
delta = "1.0.15 -> 1.0.16"
aggregated-from = "https://chromium.googlesource.com/chromium/src/+/main/third_party/rust/chromium_crates_io/supply-chain/audits.toml?format=TEXT"

[[audits.google.audits.unicode-ident]]
who = "Daniel Cheng <dcheng@chromium.org>"
criteria = "safe-to-deploy"
delta = "1.0.16 -> 1.0.18"
notes = "Only minor comment and documentation updates."
aggregated-from = "https://chromium.googlesource.com/chromium/src/+/main/third_party/rust/chromium_crates_io/supply-chain/audits.toml?format=TEXT"

[[audits.google.audits.utf8_iter]]
who = "George Burgess IV <gbiv@google.com>"
criteria = "safe-to-run"
version = "1.0.4"
aggregated-from = "https://chromium.googlesource.com/chromiumos/third_party/rust_crates/+/refs/heads/main/cargo-vet/audits.toml?format=TEXT"

[[audits.google.audits.winapi]]
who = "danakj@chromium.org"
criteria = "safe-to-run"
version = "0.3.9"
notes = """
Reviewed in https://crrev.com/c/5171063

Previously reviewed during security review and the audit is grandparented in.
"""
aggregated-from = "https://chromium.googlesource.com/chromium/src/+/main/third_party/rust/chromium_crates_io/supply-chain/audits.toml?format=TEXT"

[[audits.google.audits.zerofrom]]
who = "George Burgess IV <gbiv@google.com>"
criteria = "safe-to-run"
version = "0.1.5"
aggregated-from = "https://chromium.googlesource.com/chromiumos/third_party/rust_crates/+/refs/heads/main/cargo-vet/audits.toml?format=TEXT"

[[audits.google.audits.zerofrom]]
who = "Daniel Cheng <dcheng@chromium.org>"
criteria = "safe-to-deploy"
delta = "0.1.5 -> 0.1.6"
notes = "Only minor cfg tweaks."
aggregated-from = "https://chromium.googlesource.com/chromium/src/+/main/third_party/rust/chromium_crates_io/supply-chain/audits.toml?format=TEXT"

[[audits.google.audits.zerofrom-derive]]
who = "George Burgess IV <gbiv@google.com>"
criteria = "safe-to-run"
version = "0.1.5"
aggregated-from = "https://chromium.googlesource.com/chromiumos/third_party/rust_crates/+/refs/heads/main/cargo-vet/audits.toml?format=TEXT"

[[audits.google.audits.zerofrom-derive]]
who = "Daniel Cheng <dcheng@chromium.org>"
criteria = "safe-to-deploy"
delta = "0.1.5 -> 0.1.6"
notes = "Only a minor clippy adjustment."
aggregated-from = "https://chromium.googlesource.com/chromium/src/+/main/third_party/rust/chromium_crates_io/supply-chain/audits.toml?format=TEXT"

[[audits.isrg.audits.cfg-if]]
who = "David Cook <dcook@divviup.org>"
criteria = "safe-to-deploy"
delta = "1.0.0 -> 1.0.1"

[[audits.isrg.audits.cfg-if]]
who = "J.C. Jones <jc@divviup.org>"
criteria = "safe-to-deploy"
delta = "1.0.1 -> 1.0.3"

[[audits.isrg.audits.cfg-if]]
who = "David Cook <dcook@divviup.org>"
criteria = "safe-to-deploy"
delta = "1.0.3 -> 1.0.4"

[[audits.isrg.audits.serde_core]]
who = "J.C. Jones <jc@divviup.org>"
criteria = "safe-to-deploy"
version = "1.0.224"

[[audits.isrg.audits.serde_core]]
who = "J.C. Jones <jc@divviup.org>"
criteria = "safe-to-deploy"
delta = "1.0.224 -> 1.0.225"

[[audits.isrg.audits.serde_core]]
who = "Tim Geoghegan <timg@divviup.org>"
criteria = "safe-to-deploy"
delta = "1.0.225 -> 1.0.226"

[[audits.mozilla.audits.crossbeam-utils]]
who = "Jan-Erik Rediger <jrediger@mozilla.com>"
criteria = "safe-to-deploy"
delta = "0.8.14 -> 0.8.19"
aggregated-from = "https://raw.githubusercontent.com/mozilla/glean/main/supply-chain/audits.toml"

[[audits.mozilla.audits.crossbeam-utils]]
who = "Alex Franchuk <afranchuk@mozilla.com>"
criteria = "safe-to-deploy"
delta = "0.8.19 -> 0.8.20"
notes = "Minor changes."
aggregated-from = "https://hg.mozilla.org/mozilla-central/raw-file/tip/supply-chain/audits.toml"

[[audits.mozilla.audits.fastrand]]
who = "Mike Hommey <mh+mozilla@glandium.org>"
criteria = "safe-to-deploy"
delta = "1.9.0 -> 2.0.0"
aggregated-from = "https://hg.mozilla.org/mozilla-central/raw-file/tip/supply-chain/audits.toml"

[[audits.mozilla.audits.fastrand]]
who = "Mike Hommey <mh+mozilla@glandium.org>"
criteria = "safe-to-deploy"
delta = "2.0.1 -> 2.1.0"
aggregated-from = "https://hg.mozilla.org/mozilla-central/raw-file/tip/supply-chain/audits.toml"

[[audits.mozilla.audits.fastrand]]
who = "Chris Martin <cmartin@mozilla.com>"
criteria = "safe-to-deploy"
delta = "2.1.0 -> 2.1.1"
notes = "Fairly trivial changes, no chance of security regression."
aggregated-from = "https://hg.mozilla.org/mozilla-central/raw-file/tip/supply-chain/audits.toml"

[[audits.mozilla.audits.form_urlencoded]]
who = "Valentin Gosu <valentin.gosu@gmail.com>"
criteria = "safe-to-deploy"
version = "1.2.0"
aggregated-from = "https://hg.mozilla.org/mozilla-central/raw-file/tip/supply-chain/audits.toml"

[[audits.mozilla.audits.form_urlencoded]]
who = "edgul <ed.guloien@gmail.com>"
criteria = "safe-to-deploy"
delta = "1.2.1 -> 1.2.2"
aggregated-from = "https://hg.mozilla.org/mozilla-central/raw-file/tip/supply-chain/audits.toml"

[[audits.mozilla.audits.hashbrown]]
who = "Erich Gubler <erichdongubler@gmail.com>"
criteria = "safe-to-deploy"
delta = "0.15.2 -> 0.15.5"
aggregated-from = "https://hg.mozilla.org/mozilla-central/raw-file/tip/supply-chain/audits.toml"

[[audits.mozilla.audits.hashlink]]
who = "Erich Gubler <erichdongubler@gmail.com>"
criteria = "safe-to-deploy"
delta = "0.9.1 -> 0.10.0"
aggregated-from = "https://hg.mozilla.org/mozilla-central/raw-file/tip/supply-chain/audits.toml"

[[audits.mozilla.audits.idna]]
who = "edgul <ed.guloien@gmail.com>"
criteria = "safe-to-deploy"
delta = "1.0.3 -> 1.1.0"
aggregated-from = "https://hg.mozilla.org/mozilla-central/raw-file/tip/supply-chain/audits.toml"

[[audits.mozilla.audits.idna_adapter]]
who = "Makoto Kato <m_kato@ga2.so-net.ne.jp>"
criteria = "safe-to-deploy"
delta = "1.2.0 -> 1.2.1"
aggregated-from = "https://hg.mozilla.org/mozilla-central/raw-file/tip/supply-chain/audits.toml"

[[audits.mozilla.audits.nix]]
who = "Gabriele Svelto <gsvelto@mozilla.com>"
criteria = "safe-to-deploy"
delta = "0.29.0 -> 0.30.1"
notes = "Some new wrappers, support for minor platforms and lots of work around type safety that reduces the unsafe surafce."
aggregated-from = "https://hg.mozilla.org/mozilla-central/raw-file/tip/supply-chain/audits.toml"

[[audits.mozilla.audits.once_cell]]
who = "Erich Gubler <erichdongubler@gmail.com>"
criteria = "safe-to-deploy"
delta = "1.20.2 -> 1.20.3"
aggregated-from = "https://hg.mozilla.org/mozilla-central/raw-file/tip/supply-chain/audits.toml"

[[audits.mozilla.audits.once_cell]]
who = "Erich Gubler <erichdongubler@gmail.com>"
criteria = "safe-to-deploy"
delta = "1.21.1 -> 1.21.3"
aggregated-from = "https://hg.mozilla.org/mozilla-central/raw-file/tip/supply-chain/audits.toml"

[[audits.mozilla.audits.percent-encoding]]
who = "edgul <ed.guloien@gmail.com>"
criteria = "safe-to-deploy"
delta = "2.3.1 -> 2.3.2"
aggregated-from = "https://hg.mozilla.org/mozilla-central/raw-file/tip/supply-chain/audits.toml"

[[audits.mozilla.audits.serde_core]]
who = "Erich Gubler <erichdongubler@gmail.com>"
criteria = "safe-to-deploy"
delta = "1.0.226 -> 1.0.227"
aggregated-from = "https://hg.mozilla.org/mozilla-central/raw-file/tip/supply-chain/audits.toml"

[[audits.mozilla.audits.sharded-slab]]
who = "Mark Hammond <mhammond@skippinet.com.au>"
criteria = "safe-to-deploy"
delta = "0.1.4 -> 0.1.7"
aggregated-from = "https://hg.mozilla.org/mozilla-central/raw-file/tip/supply-chain/audits.toml"

[[audits.mozilla.audits.url]]
who = "Valentin Gosu <valentin.gosu@gmail.com>"
criteria = "safe-to-deploy"
version = "2.4.0"
aggregated-from = "https://hg.mozilla.org/mozilla-central/raw-file/tip/supply-chain/audits.toml"

[[audits.mozilla.audits.url]]
who = "Valentin Gosu <valentin.gosu@gmail.com>"
criteria = "safe-to-deploy"
delta = "2.4.0 -> 2.4.1"
aggregated-from = "https://hg.mozilla.org/mozilla-central/raw-file/tip/supply-chain/audits.toml"

[[audits.mozilla.audits.url]]
who = "Valentin Gosu <valentin.gosu@gmail.com>"
criteria = "safe-to-deploy"
delta = "2.4.1 -> 2.5.0"
aggregated-from = "https://hg.mozilla.org/mozilla-central/raw-file/tip/supply-chain/audits.toml"

[[audits.mozilla.audits.url]]
who = "Henri Sivonen <hsivonen@hsivonen.fi>"
criteria = "safe-to-deploy"
delta = "2.5.0 -> 2.5.1"
aggregated-from = "https://hg.mozilla.org/mozilla-central/raw-file/tip/supply-chain/audits.toml"

[[audits.mozilla.audits.url]]
who = "Valentin Gosu <valentin.gosu@gmail.com>"
criteria = "safe-to-deploy"
delta = "2.5.1 -> 2.5.4"
aggregated-from = "https://hg.mozilla.org/mozilla-central/raw-file/tip/supply-chain/audits.toml"

[[audits.mozilla.audits.url]]
who = "edgul <ed.guloien@gmail.com>"
criteria = "safe-to-deploy"
delta = "2.5.4 -> 2.5.7"
aggregated-from = "https://hg.mozilla.org/mozilla-central/raw-file/tip/supply-chain/audits.toml"

[[audits.mozilla.audits.windows-link]]
who = "Mark Hammond <mhammond@skippinet.com.au>"
criteria = "safe-to-deploy"
version = "0.1.1"
notes = "A microsoft crate allowing unsafe calls to windows apis."
aggregated-from = "https://hg.mozilla.org/mozilla-central/raw-file/tip/supply-chain/audits.toml"

[[audits.mozilla.audits.windows-link]]
who = "Erich Gubler <erichdongubler@gmail.com>"
criteria = "safe-to-deploy"
delta = "0.1.1 -> 0.2.0"
aggregated-from = "https://hg.mozilla.org/mozilla-central/raw-file/tip/supply-chain/audits.toml"

[[audits.swsnr.audits.bitflags]]
who = "Sebastian Wiesner <sebastian@swsnr.de>"
criteria = "safe-to-deploy"
delta = "2.9.4 -> 2.10.0"
aggregated-from = "https://codeberg.org/swsnr/gnome-app-utils.rs/raw/branch/main/supply-chain/audits.toml"

[[audits.swsnr.audits.concurrent-queue]]
who = "Sebastian Wiesner <sebastian@swsnr.de>"
criteria = "safe-to-run"
delta = "2.1.0 -> 2.5.0"
aggregated-from = "https://codeberg.org/swsnr/picture-of-the-day/raw/branch/main/supply-chain/audits.toml"

[[audits.swsnr.audits.crossbeam-utils]]
who = "Sebastian Wiesner <sebastian@swsnr.de>"
criteria = "safe-to-run"
delta = "0.8.15 -> 0.8.14"
aggregated-from = "https://codeberg.org/swsnr/turnon/raw/branch/main/supply-chain/audits.toml"

[[audits.swsnr.audits.crossbeam-utils]]
who = "Sebastian Wiesner <sebastian@swsnr.de>"
criteria = "safe-to-deploy"
delta = "0.8.20 -> 0.8.21"
notes = "Only changes cfg and lint annotations, no other code change"
aggregated-from = "https://codeberg.org/swsnr/turnon/raw/branch/main/supply-chain/audits.toml"

[[audits.swsnr.audits.event-listener]]
who = "Sebastian Wiesner <sebastian@swsnr.de>"
criteria = "safe-to-run"
delta = "5.4.0 -> 5.4.1"
aggregated-from = "https://codeberg.org/swsnr/picture-of-the-day/raw/branch/main/supply-chain/audits.toml"

[[audits.swsnr.audits.event-listener-strategy]]
who = "Sebastian Wiesner <sebastian@swsnr.de>"
criteria = "safe-to-deploy"
delta = "0.5.2 -> 0.5.3"
notes = "Only exports a new feature and slightly changes some type signatures."
aggregated-from = "https://codeberg.org/swsnr/turnon/raw/branch/main/supply-chain/audits.toml"

[[audits.swsnr.audits.event-listener-strategy]]
who = "Sebastian Wiesner <sebastian@swsnr.de>"
criteria = "safe-to-deploy"
delta = "0.5.3 -> 0.5.4"
notes = "No actual code change, just a new feature to expose a transitive dependency."
aggregated-from = "https://codeberg.org/swsnr/turnon/raw/branch/main/supply-chain/audits.toml"

[[audits.swsnr.audits.fastrand]]
who = "Sebastian Wiesner <sebastian@swsnr.de>"
criteria = "safe-to-deploy"
delta = "2.1.1 -> 2.3.0"
aggregated-from = "https://codeberg.org/swsnr/darklightd/raw/branch/main/supply-chain/audits.toml"

[[audits.swsnr.audits.indexmap]]
who = "Sebastian Wiesner <sebastian@swsnr.de>"
criteria = "safe-to-run"
delta = "2.12.0 -> 2.12.1"
aggregated-from = "https://codeberg.org/swsnr/gnome-app-utils.rs/raw/branch/main/supply-chain/audits.toml"

[[audits.swsnr.audits.memoffset]]
who = "Sebastian Wiesner <sebastian@swsnr.de>"
criteria = "safe-to-run"
delta = "0.9.0 -> 0.9.1"
aggregated-from = "https://codeberg.org/swsnr/turnon/raw/branch/main/supply-chain/audits.toml"

[[audits.swsnr.audits.parking]]
who = "Sebastian Wiesner <sebastian@swsnr.de>"
criteria = "safe-to-deploy"
version = "2.2.1"
notes = """
Contains no unsafe code, and does not access the system beyond parking.
Thread locking and parking logic is a bit intricate, but well documented, and
appears to be sound, superficially.
"""
aggregated-from = "https://codeberg.org/swsnr/turnon/raw/branch/main/supply-chain/audits.toml"

[[audits.swsnr.audits.pin-project-lite]]
who = "Sebastian Wiesner <sebastian@swsnr.de>"
criteria = "safe-to-run"
delta = "0.2.14 -> 0.2.15"
aggregated-from = "https://codeberg.org/swsnr/turnon/raw/branch/main/supply-chain/audits.toml"

[[audits.swsnr.audits.pkg-config]]
who = "Sebastian Wiesner <sebastian@swsnr.de>"
criteria = "safe-to-deploy"
delta = "0.3.31 -> 0.3.32"
aggregated-from = "https://codeberg.org/swsnr/picture-of-the-day/raw/branch/main/supply-chain/audits.toml"

[[audits.swsnr.audits.proc-macro-crate]]
who = "Sebastian Wiesner <sebastian@swsnr.de>"
criteria = "safe-to-run"
delta = "1.2.1 -> 3.2.0"
aggregated-from = "https://codeberg.org/swsnr/picture-of-the-day/raw/branch/main/supply-chain/audits.toml"

[[audits.swsnr.audits.proc-macro-crate]]
who = "Sebastian Wiesner <sebastian@swsnr.de>"
criteria = "safe-to-deploy"
delta = "3.2.0 -> 3.3.0"
aggregated-from = "https://codeberg.org/swsnr/picture-of-the-day/raw/branch/main/supply-chain/audits.toml"

[[audits.swsnr.audits.proc-macro-crate]]
who = "Sebastian Wiesner <sebastian@swsnr.de>"
criteria = "safe-to-run"
delta = "3.3.0 -> 3.4.0"
aggregated-from = "https://codeberg.org/swsnr/picture-of-the-day/raw/branch/main/supply-chain/audits.toml"

[[audits.swsnr.audits.proc-macro2]]
who = "Sebastian Wiesner <sebastian@swsnr.de>"
criteria = "safe-to-deploy"
delta = "1.0.94 -> 1.0.95"
aggregated-from = "https://codeberg.org/swsnr/wol.rs/raw/branch/main/supply-chain/audits.toml"

[[audits.swsnr.audits.proc-macro2]]
who = "Sebastian Wiesner <sebastian@swsnr.de>"
criteria = "safe-to-run"
delta = "1.0.95 -> 1.0.97"
aggregated-from = "https://codeberg.org/swsnr/gnome-app-utils.rs/raw/branch/main/supply-chain/audits.toml"

[[audits.swsnr.audits.proc-macro2]]
who = "Sebastian Wiesner <sebastian@swsnr.de>"
criteria = "safe-to-run"
delta = "1.0.97 -> 1.0.101"
aggregated-from = "https://codeberg.org/swsnr/picture-of-the-day/raw/branch/main/supply-chain/audits.toml"

[[audits.swsnr.audits.proc-macro2]]
who = "Sebastian Wiesner <sebastian@swsnr.de>"
criteria = "safe-to-deploy"
delta = "1.0.101 -> 1.0.102"
aggregated-from = "https://codeberg.org/swsnr/gnome-app-utils.rs/raw/branch/main/supply-chain/audits.toml"

[[audits.swsnr.audits.proc-macro2]]
who = "Sebastian Wiesner <sebastian@swsnr.de>"
criteria = "safe-to-run"
delta = "1.0.102 -> 1.0.103"
aggregated-from = "https://codeberg.org/swsnr/picture-of-the-day/raw/branch/main/supply-chain/audits.toml"

[[audits.swsnr.audits.quote]]
who = "Sebastian Wiesner <sebastian@swsnr.de>"
criteria = "safe-to-run"
delta = "1.0.40 -> 1.0.41"
aggregated-from = "https://codeberg.org/swsnr/gnome-app-utils.rs/raw/branch/main/supply-chain/audits.toml"

[[audits.swsnr.audits.quote]]
who = "Sebastian Wiesner <sebastian@swsnr.de>"
criteria = "safe-to-run"
delta = "1.0.41 -> 1.0.42"
aggregated-from = "https://codeberg.org/swsnr/picture-of-the-day/raw/branch/main/supply-chain/audits.toml"

[[audits.swsnr.audits.r-efi]]
who = "Sebastian Wiesner <sebastian@swsnr.de>"
criteria = "safe-to-run"
delta = "5.2.0 -> 5.3.0"
aggregated-from = "https://codeberg.org/swsnr/git-gone/raw/branch/main/supply-chain/audits.toml"

[[audits.swsnr.audits.serde_core]]
who = "Sebastian Wiesner <sebastian@swsnr.de>"
criteria = "safe-to-deploy"
delta = "1.0.227 -> 1.0.228"
aggregated-from = "https://codeberg.org/swsnr/gnome-app-utils.rs/raw/branch/main/supply-chain/audits.toml"

[[audits.swsnr.audits.stable_deref_trait]]
who = "Sebastian Wiesner <sebastian@swsnr.de>"
criteria = "safe-to-run"
delta = "1.2.0 -> 1.2.1"
aggregated-from = "https://codeberg.org/swsnr/picture-of-the-day/raw/branch/main/supply-chain/audits.toml"

[[audits.swsnr.audits.unicode-ident]]
who = "Sebastian Wiesner <sebastian@swsnr.de>"
criteria = "safe-to-run"
delta = "1.0.18 -> 1.0.20"
aggregated-from = "https://codeberg.org/swsnr/gnome-app-utils.rs/raw/branch/main/supply-chain/audits.toml"

[[audits.swsnr.audits.unicode-ident]]
who = "Sebastian Wiesner <sebastian@swsnr.de>"
criteria = "safe-to-deploy"
delta = "1.0.20 -> 1.0.22"
aggregated-from = "https://codeberg.org/swsnr/picture-of-the-day/raw/branch/main/supply-chain/audits.toml"

[[audits.swsnr.audits.windows-link]]
who = "Sebastian Wiesner <sebastian@swsnr.de>"
criteria = "safe-to-deploy"
delta = "0.2.0 -> 0.2.1"
aggregated-from = "https://codeberg.org/swsnr/picture-of-the-day/raw/branch/main/supply-chain/audits.toml"
